// !$*UTF8*$!
{
	archiveVersion = 1;
	classes = {
	};
	objectVersion = 46;
	objects = {

/* Begin PBXBuildFile section */
		2F7446990DB6B7EA00F9684A /* MainMenu.xib in Resources */ = {isa = PBXBuildFile; fileRef = 2F7446970DB6B7EA00F9684A /* MainMenu.xib */; };
		770B37ED0679A11B001EADE2 /* Sorter_DataModel.xcdatamodel in Sources */ = {isa = PBXBuildFile; fileRef = 770B37EC0679A11B001EADE2 /* Sorter_DataModel.xcdatamodel */; };
		77C8280E06725ACE000B614F /* Sorter_AppDelegate.m in Sources */ = {isa = PBXBuildFile; fileRef = 77C8280C06725ACE000B614F /* Sorter_AppDelegate.m */; };
		8D11072B0486CEB800E47090 /* InfoPlist.strings in Resources */ = {isa = PBXBuildFile; fileRef = 089C165CFE840E0CC02AAC07 /* InfoPlist.strings */; };
		8D11072D0486CEB800E47090 /* main.m in Sources */ = {isa = PBXBuildFile; fileRef = 29B97316FDCFA39411CA2CEA /* main.m */; settings = {ATTRIBUTES = (); }; };
		8D11072F0486CEB800E47090 /* Cocoa.framework in Frameworks */ = {isa = PBXBuildFile; fileRef = 1058C7A1FEA54F0111CA2CBB /* Cocoa.framework */; };
		FD04A85E13CE290900561117 /* Action.m in Sources */ = {isa = PBXBuildFile; fileRef = FD04A85D13CE290900561117 /* Action.m */; };
		FD17059F13DAE64100BCCFEA /* TestActionsNoDB.m in Sources */ = {isa = PBXBuildFile; fileRef = FD17059D13DAE51200BCCFEA /* TestActionsNoDB.m */; };
		FD1705A013DAE8CE00BCCFEA /* Sorter_DataModel.xcdatamodel in Sources */ = {isa = PBXBuildFile; fileRef = 770B37EC0679A11B001EADE2 /* Sorter_DataModel.xcdatamodel */; };
		FD1705A213DAFEFC00BCCFEA /* ActionSheet.xib in Resources */ = {isa = PBXBuildFile; fileRef = FD1705A113DAFEFC00BCCFEA /* ActionSheet.xib */; };
		FD1FC10913DC275800BEE5DD /* ActionSheetController.m in Sources */ = {isa = PBXBuildFile; fileRef = FD1FC10813DC275800BEE5DD /* ActionSheetController.m */; };
		FD206B3813E429A300E67C80 /* MoveAction.xib in Resources */ = {isa = PBXBuildFile; fileRef = FD206B3713E429A300E67C80 /* MoveAction.xib */; };
		FD2457EC1309C88F0053DB6D /* RulesController.m in Sources */ = {isa = PBXBuildFile; fileRef = FD2457EB1309C88F0053DB6D /* RulesController.m */; };
		FD2458391309D60B0053DB6D /* Rule.m in Sources */ = {isa = PBXBuildFile; fileRef = FD2458381309D60B0053DB6D /* Rule.m */; };
		FD29E60C1412440D00646463 /* MoveActionController.m in Sources */ = {isa = PBXBuildFile; fileRef = FD29E60A1412440D00646463 /* MoveActionController.m */; };
		FD2E75961371DB5900071A2B /* LeafNode.m in Sources */ = {isa = PBXBuildFile; fileRef = FD2E75951371DB5900071A2B /* LeafNode.m */; };
		FD40AB6813563C9800A2544E /* ToolbarPlus.png in Resources */ = {isa = PBXBuildFile; fileRef = FD40AB6713563C9800A2544E /* ToolbarPlus.png */; };
		FD40AB6C135640D600A2544E /* ToolbarMinus.png in Resources */ = {isa = PBXBuildFile; fileRef = FD40AB6B135640D600A2544E /* ToolbarMinus.png */; };
		FD50BE62135CBC00003132E4 /* LICENSE in Resources */ = {isa = PBXBuildFile; fileRef = FD50BE61135CBC00003132E4 /* LICENSE */; };
		FD50BE64135CBC43003132E4 /* README.md in Resources */ = {isa = PBXBuildFile; fileRef = FD50BE63135CBC43003132E4 /* README.md */; };
		FD69E8DD1336927300DBB4D6 /* RuleHandler.m in Sources */ = {isa = PBXBuildFile; fileRef = FD69E8DC1336927300DBB4D6 /* RuleHandler.m */; };
		FD6F395C131FBBD90026E5EC /* Transformers.m in Sources */ = {isa = PBXBuildFile; fileRef = FD6F395B131FBBD90026E5EC /* Transformers.m */; };
		FD6F66531354DBD8002FBBB9 /* APPL.icns in Resources */ = {isa = PBXBuildFile; fileRef = FD6F66521354DBD8002FBBB9 /* APPL.icns */; };
		FD81000D13CF753B00967B25 /* GHUnit.framework in Frameworks */ = {isa = PBXBuildFile; fileRef = FD81000B13CF751500967B25 /* GHUnit.framework */; };
		FD81000E13CF758B00967B25 /* GHUnit.framework in CopyFiles */ = {isa = PBXBuildFile; fileRef = FD81000B13CF751500967B25 /* GHUnit.framework */; };
		FD81004013CF7C1000967B25 /* PBWatcher.m in Sources */ = {isa = PBXBuildFile; fileRef = FDAD0C7B1322A9A0007A7C73 /* PBWatcher.m */; };
		FD81004113CF7C1000967B25 /* PBEvent.m in Sources */ = {isa = PBXBuildFile; fileRef = FDAD0C971322ABEC007A7C73 /* PBEvent.m */; };
		FD81004213CF7C1000967B25 /* PBWatcherRegistry.m in Sources */ = {isa = PBXBuildFile; fileRef = FDAD0CB01322B86E007A7C73 /* PBWatcherRegistry.m */; };
		FD81004313CF7C1000967B25 /* TestSetup.m in Sources */ = {isa = PBXBuildFile; fileRef = FD81FFFD13CF6E3A00967B25 /* TestSetup.m */; };
		FD81004413CF7C1000967B25 /* RulesController.m in Sources */ = {isa = PBXBuildFile; fileRef = FD2457EB1309C88F0053DB6D /* RulesController.m */; };
		FD81004513CF7C1000967B25 /* MainWindowController.m in Sources */ = {isa = PBXBuildFile; fileRef = FDFA57AD136D48360007ABF4 /* MainWindowController.m */; };
		FD81004613CF7C1000967B25 /* Source.m in Sources */ = {isa = PBXBuildFile; fileRef = FDAD0C6B1322A668007A7C73 /* Source.m */; };
		FD81004713CF7C1000967B25 /* Rule.m in Sources */ = {isa = PBXBuildFile; fileRef = FD2458381309D60B0053DB6D /* Rule.m */; };
		FD81004813CF7C1000967B25 /* Action.m in Sources */ = {isa = PBXBuildFile; fileRef = FD04A85D13CE290900561117 /* Action.m */; };
		FD81004913CF7C1000967B25 /* MoveAction.m in Sources */ = {isa = PBXBuildFile; fileRef = FD81FFC113CF613400967B25 /* MoveAction.m */; };
		FD81004A13CF7C1000967B25 /* ImageAndTextCell.m in Sources */ = {isa = PBXBuildFile; fileRef = FD9BA127139B86270068C255 /* ImageAndTextCell.m */; };
		FD81004B13CF7C1000967B25 /* TreeNode.m in Sources */ = {isa = PBXBuildFile; fileRef = FDDBACF8136F3018003CC320 /* TreeNode.m */; };
		FD81004C13CF7C1000967B25 /* LeafNode.m in Sources */ = {isa = PBXBuildFile; fileRef = FD2E75951371DB5900071A2B /* LeafNode.m */; };
		FD81004D13CF7C1000967B25 /* Sorter_AppDelegate.m in Sources */ = {isa = PBXBuildFile; fileRef = 77C8280C06725ACE000B614F /* Sorter_AppDelegate.m */; };
		FD81004E13CF7C1000967B25 /* Transformers.m in Sources */ = {isa = PBXBuildFile; fileRef = FD6F395B131FBBD90026E5EC /* Transformers.m */; };
		FD81004F13CF7C1000967B25 /* ThreadSafeMutableDictionary.m in Sources */ = {isa = PBXBuildFile; fileRef = FD9D3A85132D2212006B64C7 /* ThreadSafeMutableDictionary.m */; };
		FD81005013CF7C1000967B25 /* RuleHandler.m in Sources */ = {isa = PBXBuildFile; fileRef = FD69E8DC1336927300DBB4D6 /* RuleHandler.m */; };
		FD81005F13D6085F00967B25 /* TestActions.m in Sources */ = {isa = PBXBuildFile; fileRef = FD81005D13D19A2700967B25 /* TestActions.m */; };
		FD81FFC213CF613400967B25 /* MoveAction.m in Sources */ = {isa = PBXBuildFile; fileRef = FD81FFC113CF613400967B25 /* MoveAction.m */; };
		FD81FFCB13CF653C00967B25 /* Cocoa.framework in Frameworks */ = {isa = PBXBuildFile; fileRef = FD81FFCA13CF653C00967B25 /* Cocoa.framework */; };
		FD81FFD113CF653C00967B25 /* InfoPlist.strings in Resources */ = {isa = PBXBuildFile; fileRef = FD81FFCF13CF653C00967B25 /* InfoPlist.strings */; };
		FD81FFD413CF653C00967B25 /* main.m in Sources */ = {isa = PBXBuildFile; fileRef = FD81FFD313CF653C00967B25 /* main.m */; };
		FD81FFD713CF653C00967B25 /* Credits.rtf in Resources */ = {isa = PBXBuildFile; fileRef = FD81FFD513CF653C00967B25 /* Credits.rtf */; };
		FD9B4A4E136DA65C00029EF5 /* DetailView.xib in Resources */ = {isa = PBXBuildFile; fileRef = FD9B4A4D136DA65C00029EF5 /* DetailView.xib */; };
		FD9BA128139B86270068C255 /* ImageAndTextCell.m in Sources */ = {isa = PBXBuildFile; fileRef = FD9BA127139B86270068C255 /* ImageAndTextCell.m */; };
		FD9D3A86132D2212006B64C7 /* ThreadSafeMutableDictionary.m in Sources */ = {isa = PBXBuildFile; fileRef = FD9D3A85132D2212006B64C7 /* ThreadSafeMutableDictionary.m */; };
		FDAD0C6C1322A668007A7C73 /* Source.m in Sources */ = {isa = PBXBuildFile; fileRef = FDAD0C6B1322A668007A7C73 /* Source.m */; };
		FDAD0C7C1322A9A0007A7C73 /* PBWatcher.m in Sources */ = {isa = PBXBuildFile; fileRef = FDAD0C7B1322A9A0007A7C73 /* PBWatcher.m */; };
		FDAD0C981322ABEC007A7C73 /* PBEvent.m in Sources */ = {isa = PBXBuildFile; fileRef = FDAD0C971322ABEC007A7C73 /* PBEvent.m */; };
		FDAD0CB11322B86E007A7C73 /* PBWatcherRegistry.m in Sources */ = {isa = PBXBuildFile; fileRef = FDAD0CB01322B86E007A7C73 /* PBWatcherRegistry.m */; };
		FDDBACF9136F3018003CC320 /* TreeNode.m in Sources */ = {isa = PBXBuildFile; fileRef = FDDBACF8136F3018003CC320 /* TreeNode.m */; };
		FDFA57AE136D48360007ABF4 /* MainWindowController.m in Sources */ = {isa = PBXBuildFile; fileRef = FDFA57AD136D48360007ABF4 /* MainWindowController.m */; };
		FDFA57B0136D48620007ABF4 /* MainWindow.xib in Resources */ = {isa = PBXBuildFile; fileRef = FDFA57AF136D48620007ABF4 /* MainWindow.xib */; };
/* End PBXBuildFile section */

/* Begin PBXCopyFilesBuildPhase section */
		FD81FFFA13CF6BD500967B25 /* CopyFiles */ = {
			isa = PBXCopyFilesBuildPhase;
			buildActionMask = 2147483647;
			dstPath = "";
			dstSubfolderSpec = 10;
			files = (
				FD81000E13CF758B00967B25 /* GHUnit.framework in CopyFiles */,
			);
			runOnlyForDeploymentPostprocessing = 0;
		};
/* End PBXCopyFilesBuildPhase section */

/* Begin PBXFileReference section */
		089C165DFE840E0CC02AAC07 /* English */ = {isa = PBXFileReference; fileEncoding = 10; lastKnownFileType = text.plist.strings; name = English; path = English.lproj/InfoPlist.strings; sourceTree = "<group>"; };
		1058C7A1FEA54F0111CA2CBB /* Cocoa.framework */ = {isa = PBXFileReference; lastKnownFileType = wrapper.framework; name = Cocoa.framework; path = /System/Library/Frameworks/Cocoa.framework; sourceTree = "<absolute>"; };
		29B97316FDCFA39411CA2CEA /* main.m */ = {isa = PBXFileReference; fileEncoding = 4; lastKnownFileType = sourcecode.c.objc; path = main.m; sourceTree = "<group>"; };
		29B97324FDCFA39411CA2CEA /* AppKit.framework */ = {isa = PBXFileReference; lastKnownFileType = wrapper.framework; name = AppKit.framework; path = /System/Library/Frameworks/AppKit.framework; sourceTree = "<absolute>"; };
		29B97325FDCFA39411CA2CEA /* Foundation.framework */ = {isa = PBXFileReference; lastKnownFileType = wrapper.framework; name = Foundation.framework; path = /System/Library/Frameworks/Foundation.framework; sourceTree = "<absolute>"; };
		2F7446980DB6B7EA00F9684A /* English */ = {isa = PBXFileReference; lastKnownFileType = file.xib; name = English; path = English.lproj/MainMenu.xib; sourceTree = "<group>"; };
		32CA4F630368D1EE00C91783 /* Sorter_Prefix.pch */ = {isa = PBXFileReference; fileEncoding = 4; lastKnownFileType = sourcecode.c.h; path = Sorter_Prefix.pch; sourceTree = "<group>"; };
		770B37EC0679A11B001EADE2 /* Sorter_DataModel.xcdatamodel */ = {isa = PBXFileReference; fileEncoding = 4; lastKnownFileType = wrapper.xcdatamodel; path = Sorter_DataModel.xcdatamodel; sourceTree = "<group>"; };
		77C82804067257F0000B614F /* CoreData.framework */ = {isa = PBXFileReference; lastKnownFileType = wrapper.framework; name = CoreData.framework; path = /System/Library/Frameworks/CoreData.framework; sourceTree = "<absolute>"; };
		77C8280B06725ACE000B614F /* Sorter_AppDelegate.h */ = {isa = PBXFileReference; fileEncoding = 4; lastKnownFileType = sourcecode.c.h; path = Sorter_AppDelegate.h; sourceTree = "<group>"; };
		77C8280C06725ACE000B614F /* Sorter_AppDelegate.m */ = {isa = PBXFileReference; fileEncoding = 4; lastKnownFileType = sourcecode.c.objc; path = Sorter_AppDelegate.m; sourceTree = "<group>"; };
		8D1107310486CEB800E47090 /* Sorter-Info.plist */ = {isa = PBXFileReference; explicitFileType = text.plist.xml; fileEncoding = 4; path = "Sorter-Info.plist"; sourceTree = "<group>"; };
		8D1107320486CEB800E47090 /* Sorter.app */ = {isa = PBXFileReference; explicitFileType = wrapper.application; includeInIndex = 0; path = Sorter.app; sourceTree = BUILT_PRODUCTS_DIR; };
		FD04A85C13CE290800561117 /* Action.h */ = {isa = PBXFileReference; fileEncoding = 4; lastKnownFileType = sourcecode.c.h; path = Action.h; sourceTree = "<group>"; };
		FD04A85D13CE290900561117 /* Action.m */ = {isa = PBXFileReference; fileEncoding = 4; lastKnownFileType = sourcecode.c.objc; path = Action.m; sourceTree = "<group>"; };
		FD1034FA13106FFC003EBA65 /* Test-Info.plist */ = {isa = PBXFileReference; lastKnownFileType = text.plist.xml; path = "Test-Info.plist"; sourceTree = "<group>"; };
		FD17059D13DAE51200BCCFEA /* TestActionsNoDB.m */ = {isa = PBXFileReference; fileEncoding = 4; lastKnownFileType = sourcecode.c.objc; path = TestActionsNoDB.m; sourceTree = "<group>"; };
		FD1705A113DAFEFC00BCCFEA /* ActionSheet.xib */ = {isa = PBXFileReference; fileEncoding = 4; lastKnownFileType = file.xib; path = ActionSheet.xib; sourceTree = "<group>"; };
		FD1FC10713DC275800BEE5DD /* ActionSheetController.h */ = {isa = PBXFileReference; fileEncoding = 4; lastKnownFileType = sourcecode.c.h; path = ActionSheetController.h; sourceTree = "<group>"; };
		FD1FC10813DC275800BEE5DD /* ActionSheetController.m */ = {isa = PBXFileReference; fileEncoding = 4; lastKnownFileType = sourcecode.c.objc; path = ActionSheetController.m; sourceTree = "<group>"; };
		FD206B3713E429A300E67C80 /* MoveAction.xib */ = {isa = PBXFileReference; fileEncoding = 4; lastKnownFileType = file.xib; path = MoveAction.xib; sourceTree = "<group>"; };
		FD2457EA1309C88F0053DB6D /* RulesController.h */ = {isa = PBXFileReference; fileEncoding = 4; lastKnownFileType = sourcecode.c.h; path = RulesController.h; sourceTree = "<group>"; };
		FD2457EB1309C88F0053DB6D /* RulesController.m */ = {isa = PBXFileReference; fileEncoding = 4; lastKnownFileType = sourcecode.c.objc; path = RulesController.m; sourceTree = "<group>"; };
		FD2458371309D60B0053DB6D /* Rule.h */ = {isa = PBXFileReference; fileEncoding = 4; lastKnownFileType = sourcecode.c.h; path = Rule.h; sourceTree = "<group>"; };
		FD2458381309D60B0053DB6D /* Rule.m */ = {isa = PBXFileReference; fileEncoding = 4; lastKnownFileType = sourcecode.c.objc; path = Rule.m; sourceTree = "<group>"; };
		FD29E6091412440D00646463 /* MoveActionController.h */ = {isa = PBXFileReference; fileEncoding = 4; lastKnownFileType = sourcecode.c.h; path = MoveActionController.h; sourceTree = "<group>"; };
		FD29E60A1412440D00646463 /* MoveActionController.m */ = {isa = PBXFileReference; fileEncoding = 4; lastKnownFileType = sourcecode.c.objc; path = MoveActionController.m; sourceTree = "<group>"; };
		FD2E75941371DB5900071A2B /* LeafNode.h */ = {isa = PBXFileReference; fileEncoding = 4; lastKnownFileType = sourcecode.c.h; path = LeafNode.h; sourceTree = "<group>"; };
		FD2E75951371DB5900071A2B /* LeafNode.m */ = {isa = PBXFileReference; fileEncoding = 4; lastKnownFileType = sourcecode.c.objc; path = LeafNode.m; sourceTree = "<group>"; };
		FD40AB6713563C9800A2544E /* ToolbarPlus.png */ = {isa = PBXFileReference; lastKnownFileType = image.png; path = ToolbarPlus.png; sourceTree = "<group>"; };
		FD40AB6B135640D600A2544E /* ToolbarMinus.png */ = {isa = PBXFileReference; lastKnownFileType = image.png; path = ToolbarMinus.png; sourceTree = "<group>"; };
		FD50BE61135CBC00003132E4 /* LICENSE */ = {isa = PBXFileReference; fileEncoding = 4; lastKnownFileType = text; path = LICENSE; sourceTree = "<group>"; };
		FD50BE63135CBC43003132E4 /* README.md */ = {isa = PBXFileReference; fileEncoding = 4; lastKnownFileType = text; path = README.md; sourceTree = "<group>"; };
		FD69E8DB1336927300DBB4D6 /* RuleHandler.h */ = {isa = PBXFileReference; fileEncoding = 4; lastKnownFileType = sourcecode.c.h; path = RuleHandler.h; sourceTree = "<group>"; };
		FD69E8DC1336927300DBB4D6 /* RuleHandler.m */ = {isa = PBXFileReference; fileEncoding = 4; lastKnownFileType = sourcecode.c.objc; path = RuleHandler.m; sourceTree = "<group>"; };
		FD6F395A131FBBD90026E5EC /* Transformers.h */ = {isa = PBXFileReference; fileEncoding = 4; lastKnownFileType = sourcecode.c.h; path = Transformers.h; sourceTree = "<group>"; };
		FD6F395B131FBBD90026E5EC /* Transformers.m */ = {isa = PBXFileReference; fileEncoding = 4; lastKnownFileType = sourcecode.c.objc; path = Transformers.m; sourceTree = "<group>"; };
		FD6F66521354DBD8002FBBB9 /* APPL.icns */ = {isa = PBXFileReference; lastKnownFileType = image.icns; path = APPL.icns; sourceTree = "<group>"; };
		FD81000B13CF751500967B25 /* GHUnit.framework */ = {isa = PBXFileReference; lastKnownFileType = wrapper.framework; name = GHUnit.framework; path = ../GHUnit.framework; sourceTree = "<group>"; };
		FD81005D13D19A2700967B25 /* TestActions.m */ = {isa = PBXFileReference; fileEncoding = 4; lastKnownFileType = sourcecode.c.objc; path = TestActions.m; sourceTree = "<group>"; };
		FD81FFC013CF613400967B25 /* MoveAction.h */ = {isa = PBXFileReference; fileEncoding = 4; lastKnownFileType = sourcecode.c.h; path = MoveAction.h; sourceTree = "<group>"; };
		FD81FFC113CF613400967B25 /* MoveAction.m */ = {isa = PBXFileReference; fileEncoding = 4; lastKnownFileType = sourcecode.c.objc; path = MoveAction.m; sourceTree = "<group>"; };
		FD81FFC313CF623300967B25 /* ActionStrategy.h */ = {isa = PBXFileReference; fileEncoding = 4; lastKnownFileType = sourcecode.c.h; path = ActionStrategy.h; sourceTree = "<group>"; };
		FD81FFC813CF653C00967B25 /* Tests.app */ = {isa = PBXFileReference; explicitFileType = wrapper.application; includeInIndex = 0; path = Tests.app; sourceTree = BUILT_PRODUCTS_DIR; };
		FD81FFCA13CF653C00967B25 /* Cocoa.framework */ = {isa = PBXFileReference; lastKnownFileType = wrapper.framework; name = Cocoa.framework; path = System/Library/Frameworks/Cocoa.framework; sourceTree = SDKROOT; };
		FD81FFCE13CF653C00967B25 /* Tests-Info.plist */ = {isa = PBXFileReference; lastKnownFileType = text.plist.xml; path = "Tests-Info.plist"; sourceTree = "<group>"; };
		FD81FFD013CF653C00967B25 /* en */ = {isa = PBXFileReference; lastKnownFileType = text.plist.strings; name = en; path = en.lproj/InfoPlist.strings; sourceTree = "<group>"; };
		FD81FFD213CF653C00967B25 /* Tests-Prefix.pch */ = {isa = PBXFileReference; lastKnownFileType = sourcecode.c.h; path = "Tests-Prefix.pch"; sourceTree = "<group>"; };
		FD81FFD313CF653C00967B25 /* main.m */ = {isa = PBXFileReference; lastKnownFileType = sourcecode.c.objc; path = main.m; sourceTree = "<group>"; };
		FD81FFD613CF653C00967B25 /* en */ = {isa = PBXFileReference; lastKnownFileType = text.rtf; name = en; path = en.lproj/Credits.rtf; sourceTree = "<group>"; };
		FD81FFFD13CF6E3A00967B25 /* TestSetup.m */ = {isa = PBXFileReference; fileEncoding = 4; lastKnownFileType = sourcecode.c.objc; name = TestSetup.m; path = Tests/TestSetup.m; sourceTree = "<group>"; };
		FD9B4A4D136DA65C00029EF5 /* DetailView.xib */ = {isa = PBXFileReference; fileEncoding = 4; lastKnownFileType = file.xib; path = DetailView.xib; sourceTree = "<group>"; };
		FD9BA126139B86270068C255 /* ImageAndTextCell.h */ = {isa = PBXFileReference; fileEncoding = 4; lastKnownFileType = sourcecode.c.h; path = ImageAndTextCell.h; sourceTree = "<group>"; };
		FD9BA127139B86270068C255 /* ImageAndTextCell.m */ = {isa = PBXFileReference; fileEncoding = 4; lastKnownFileType = sourcecode.c.objc; path = ImageAndTextCell.m; sourceTree = "<group>"; };
		FD9D3A84132D2212006B64C7 /* ThreadSafeMutableDictionary.h */ = {isa = PBXFileReference; fileEncoding = 4; lastKnownFileType = sourcecode.c.h; path = ThreadSafeMutableDictionary.h; sourceTree = "<group>"; };
		FD9D3A85132D2212006B64C7 /* ThreadSafeMutableDictionary.m */ = {isa = PBXFileReference; fileEncoding = 4; lastKnownFileType = sourcecode.c.objc; path = ThreadSafeMutableDictionary.m; sourceTree = "<group>"; };
		FDAD0C6A1322A668007A7C73 /* Source.h */ = {isa = PBXFileReference; fileEncoding = 4; lastKnownFileType = sourcecode.c.h; path = Source.h; sourceTree = "<group>"; };
		FDAD0C6B1322A668007A7C73 /* Source.m */ = {isa = PBXFileReference; fileEncoding = 4; lastKnownFileType = sourcecode.c.objc; path = Source.m; sourceTree = "<group>"; };
		FDAD0C7A1322A9A0007A7C73 /* PBWatcher.h */ = {isa = PBXFileReference; fileEncoding = 4; lastKnownFileType = sourcecode.c.h; path = PBWatcher.h; sourceTree = "<group>"; };
		FDAD0C7B1322A9A0007A7C73 /* PBWatcher.m */ = {isa = PBXFileReference; fileEncoding = 4; lastKnownFileType = sourcecode.c.objc; path = PBWatcher.m; sourceTree = "<group>"; };
		FDAD0C951322AB9C007A7C73 /* PBEventListener.h */ = {isa = PBXFileReference; fileEncoding = 4; lastKnownFileType = sourcecode.c.h; path = PBEventListener.h; sourceTree = "<group>"; };
		FDAD0C961322ABEC007A7C73 /* PBEvent.h */ = {isa = PBXFileReference; fileEncoding = 4; lastKnownFileType = sourcecode.c.h; path = PBEvent.h; sourceTree = "<group>"; };
		FDAD0C971322ABEC007A7C73 /* PBEvent.m */ = {isa = PBXFileReference; fileEncoding = 4; lastKnownFileType = sourcecode.c.objc; path = PBEvent.m; sourceTree = "<group>"; };
		FDAD0CAF1322B86E007A7C73 /* PBWatcherRegistry.h */ = {isa = PBXFileReference; fileEncoding = 4; lastKnownFileType = sourcecode.c.h; path = PBWatcherRegistry.h; sourceTree = "<group>"; };
		FDAD0CB01322B86E007A7C73 /* PBWatcherRegistry.m */ = {isa = PBXFileReference; fileEncoding = 4; lastKnownFileType = sourcecode.c.objc; path = PBWatcherRegistry.m; sourceTree = "<group>"; };
		FDDBACF7136F3018003CC320 /* TreeNode.h */ = {isa = PBXFileReference; fileEncoding = 4; lastKnownFileType = sourcecode.c.h; path = TreeNode.h; sourceTree = "<group>"; };
		FDDBACF8136F3018003CC320 /* TreeNode.m */ = {isa = PBXFileReference; fileEncoding = 4; lastKnownFileType = sourcecode.c.objc; path = TreeNode.m; sourceTree = "<group>"; };
		FDFA57AC136D48360007ABF4 /* MainWindowController.h */ = {isa = PBXFileReference; fileEncoding = 4; lastKnownFileType = sourcecode.c.h; path = MainWindowController.h; sourceTree = "<group>"; };
		FDFA57AD136D48360007ABF4 /* MainWindowController.m */ = {isa = PBXFileReference; fileEncoding = 4; lastKnownFileType = sourcecode.c.objc; path = MainWindowController.m; sourceTree = "<group>"; };
		FDFA57AF136D48620007ABF4 /* MainWindow.xib */ = {isa = PBXFileReference; fileEncoding = 4; lastKnownFileType = file.xib; path = MainWindow.xib; sourceTree = "<group>"; };
		FDFA57B1136D4B260007ABF4 /* TreeSupport.h */ = {isa = PBXFileReference; fileEncoding = 4; lastKnownFileType = sourcecode.c.h; path = TreeSupport.h; sourceTree = "<group>"; };
/* End PBXFileReference section */

/* Begin PBXFrameworksBuildPhase section */
		8D11072E0486CEB800E47090 /* Frameworks */ = {
			isa = PBXFrameworksBuildPhase;
			buildActionMask = 2147483647;
			files = (
				8D11072F0486CEB800E47090 /* Cocoa.framework in Frameworks */,
			);
			runOnlyForDeploymentPostprocessing = 0;
		};
		FD81FFC513CF653C00967B25 /* Frameworks */ = {
			isa = PBXFrameworksBuildPhase;
			buildActionMask = 2147483647;
			files = (
				FD81FFCB13CF653C00967B25 /* Cocoa.framework in Frameworks */,
				FD81000D13CF753B00967B25 /* GHUnit.framework in Frameworks */,
			);
			runOnlyForDeploymentPostprocessing = 0;
		};
/* End PBXFrameworksBuildPhase section */

/* Begin PBXGroup section */
		080E96DDFE201D6D7F000001 /* Classes */ = {
			isa = PBXGroup;
			children = (
				FD04A85F13CE2F8B00561117 /* Action Support */,
				FD9BA125139B85F60068C255 /* Cell Support */,
				FDDBACF6136F2FBA003CC320 /* TreeSupport */,
				77C8280B06725ACE000B614F /* Sorter_AppDelegate.h */,
				77C8280C06725ACE000B614F /* Sorter_AppDelegate.m */,
				FD6F395A131FBBD90026E5EC /* Transformers.h */,
				FD6F395B131FBBD90026E5EC /* Transformers.m */,
				FD9D3A84132D2212006B64C7 /* ThreadSafeMutableDictionary.h */,
				FD9D3A85132D2212006B64C7 /* ThreadSafeMutableDictionary.m */,
				FD69E8DB1336927300DBB4D6 /* RuleHandler.h */,
				FD69E8DC1336927300DBB4D6 /* RuleHandler.m */,
			);
			name = Classes;
			sourceTree = "<group>";
		};
		1058C7A0FEA54F0111CA2CBB /* Linked Frameworks */ = {
			isa = PBXGroup;
			children = (
				1058C7A1FEA54F0111CA2CBB /* Cocoa.framework */,
			);
			name = "Linked Frameworks";
			sourceTree = "<group>";
		};
		1058C7A2FEA54F0111CA2CBB /* Other Frameworks */ = {
			isa = PBXGroup;
			children = (
				77C82804067257F0000B614F /* CoreData.framework */,
				29B97325FDCFA39411CA2CEA /* Foundation.framework */,
				29B97324FDCFA39411CA2CEA /* AppKit.framework */,
			);
			name = "Other Frameworks";
			sourceTree = "<group>";
		};
		19C28FACFE9D520D11CA2CBB /* Products */ = {
			isa = PBXGroup;
			children = (
				8D1107320486CEB800E47090 /* Sorter.app */,
				FD81FFC813CF653C00967B25 /* Tests.app */,
			);
			name = Products;
			sourceTree = "<group>";
		};
		29B97314FDCFA39411CA2CEA /* Sorter */ = {
			isa = PBXGroup;
			children = (
				FDAD0C711322A8AA007A7C73 /* FSEvents */,
				FD1034F113106F26003EBA65 /* Tests */,
				FDFA57AB136D47330007ABF4 /* Controllers */,
				7756732906782D8800D1FEB8 /* Models */,
				080E96DDFE201D6D7F000001 /* Classes */,
				29B97315FDCFA39411CA2CEA /* Other Sources */,
				29B97317FDCFA39411CA2CEA /* Resources */,
				FD81FFCC13CF653C00967B25 /* Tests */,
				29B97323FDCFA39411CA2CEA /* Frameworks */,
				19C28FACFE9D520D11CA2CBB /* Products */,
				FD1034FA13106FFC003EBA65 /* Test-Info.plist */,
			);
			name = Sorter;
			sourceTree = "<group>";
		};
		29B97315FDCFA39411CA2CEA /* Other Sources */ = {
			isa = PBXGroup;
			children = (
				32CA4F630368D1EE00C91783 /* Sorter_Prefix.pch */,
				29B97316FDCFA39411CA2CEA /* main.m */,
			);
			name = "Other Sources";
			sourceTree = "<group>";
		};
		29B97317FDCFA39411CA2CEA /* Resources */ = {
			isa = PBXGroup;
			children = (
				FD40AB6B135640D600A2544E /* ToolbarMinus.png */,
				FD6F66521354DBD8002FBBB9 /* APPL.icns */,
				FD40AB6713563C9800A2544E /* ToolbarPlus.png */,
				8D1107310486CEB800E47090 /* Sorter-Info.plist */,
				089C165CFE840E0CC02AAC07 /* InfoPlist.strings */,
				2F7446970DB6B7EA00F9684A /* MainMenu.xib */,
				FD50BE61135CBC00003132E4 /* LICENSE */,
				FD50BE63135CBC43003132E4 /* README.md */,
				FDFA57AF136D48620007ABF4 /* MainWindow.xib */,
				FD9B4A4D136DA65C00029EF5 /* DetailView.xib */,
				FD1705A113DAFEFC00BCCFEA /* ActionSheet.xib */,
				FD206B3713E429A300E67C80 /* MoveAction.xib */,
			);
			name = Resources;
			sourceTree = "<group>";
		};
		29B97323FDCFA39411CA2CEA /* Frameworks */ = {
			isa = PBXGroup;
			children = (
				1058C7A0FEA54F0111CA2CBB /* Linked Frameworks */,
				FD81FFCA13CF653C00967B25 /* Cocoa.framework */,
				1058C7A2FEA54F0111CA2CBB /* Other Frameworks */,
			);
			name = Frameworks;
			sourceTree = "<group>";
		};
		7756732906782D8800D1FEB8 /* Models */ = {
			isa = PBXGroup;
			children = (
				FDAD0C6A1322A668007A7C73 /* Source.h */,
				FDAD0C6B1322A668007A7C73 /* Source.m */,
				FD2458371309D60B0053DB6D /* Rule.h */,
				FD2458381309D60B0053DB6D /* Rule.m */,
				770B37EC0679A11B001EADE2 /* Sorter_DataModel.xcdatamodel */,
				FD04A85C13CE290800561117 /* Action.h */,
				FD04A85D13CE290900561117 /* Action.m */,
			);
			name = Models;
			sourceTree = "<group>";
		};
		FD04A85F13CE2F8B00561117 /* Action Support */ = {
			isa = PBXGroup;
			children = (
				FD81FFC013CF613400967B25 /* MoveAction.h */,
				FD81FFC113CF613400967B25 /* MoveAction.m */,
				FD81FFC313CF623300967B25 /* ActionStrategy.h */,
				FD29E6091412440D00646463 /* MoveActionController.h */,
				FD29E60A1412440D00646463 /* MoveActionController.m */,
			);
			name = "Action Support";
			sourceTree = "<group>";
		};
		FD1034F113106F26003EBA65 /* Tests */ = {
			isa = PBXGroup;
			children = (
				FD81FFFD13CF6E3A00967B25 /* TestSetup.m */,
				FD81005D13D19A2700967B25 /* TestActions.m */,
				FD17059D13DAE51200BCCFEA /* TestActionsNoDB.m */,
			);
			name = Tests;
			sourceTree = "<group>";
		};
		FD81FFCC13CF653C00967B25 /* Tests */ = {
			isa = PBXGroup;
			children = (
				FD81FFCD13CF653C00967B25 /* Supporting Files */,
			);
			path = Tests;
			sourceTree = "<group>";
		};
		FD81FFCD13CF653C00967B25 /* Supporting Files */ = {
			isa = PBXGroup;
			children = (
				FD81000B13CF751500967B25 /* GHUnit.framework */,
				FD81FFCE13CF653C00967B25 /* Tests-Info.plist */,
				FD81FFCF13CF653C00967B25 /* InfoPlist.strings */,
				FD81FFD213CF653C00967B25 /* Tests-Prefix.pch */,
				FD81FFD313CF653C00967B25 /* main.m */,
				FD81FFD513CF653C00967B25 /* Credits.rtf */,
			);
			name = "Supporting Files";
			sourceTree = "<group>";
		};
		FD9BA125139B85F60068C255 /* Cell Support */ = {
			isa = PBXGroup;
			children = (
				FD9BA126139B86270068C255 /* ImageAndTextCell.h */,
				FD9BA127139B86270068C255 /* ImageAndTextCell.m */,
			);
			name = "Cell Support";
			sourceTree = "<group>";
		};
		FDAD0C711322A8AA007A7C73 /* FSEvents */ = {
			isa = PBXGroup;
			children = (
				FDAD0C7A1322A9A0007A7C73 /* PBWatcher.h */,
				FDAD0C7B1322A9A0007A7C73 /* PBWatcher.m */,
				FDAD0C951322AB9C007A7C73 /* PBEventListener.h */,
				FDAD0C961322ABEC007A7C73 /* PBEvent.h */,
				FDAD0C971322ABEC007A7C73 /* PBEvent.m */,
				FDAD0CAF1322B86E007A7C73 /* PBWatcherRegistry.h */,
				FDAD0CB01322B86E007A7C73 /* PBWatcherRegistry.m */,
			);
			name = FSEvents;
			sourceTree = "<group>";
		};
		FDDBACF6136F2FBA003CC320 /* TreeSupport */ = {
			isa = PBXGroup;
			children = (
				FDFA57B1136D4B260007ABF4 /* TreeSupport.h */,
				FDDBACF7136F3018003CC320 /* TreeNode.h */,
				FDDBACF8136F3018003CC320 /* TreeNode.m */,
				FD2E75941371DB5900071A2B /* LeafNode.h */,
				FD2E75951371DB5900071A2B /* LeafNode.m */,
			);
			name = TreeSupport;
			sourceTree = "<group>";
		};
		FDFA57AB136D47330007ABF4 /* Controllers */ = {
			isa = PBXGroup;
			children = (
				FD2457EA1309C88F0053DB6D /* RulesController.h */,
				FD2457EB1309C88F0053DB6D /* RulesController.m */,
				FDFA57AC136D48360007ABF4 /* MainWindowController.h */,
				FDFA57AD136D48360007ABF4 /* MainWindowController.m */,
				FD1FC10713DC275800BEE5DD /* ActionSheetController.h */,
				FD1FC10813DC275800BEE5DD /* ActionSheetController.m */,
			);
			name = Controllers;
			sourceTree = "<group>";
		};
/* End PBXGroup section */

/* Begin PBXNativeTarget section */
		8D1107260486CEB800E47090 /* Sorter */ = {
			isa = PBXNativeTarget;
			buildConfigurationList = 26FC0A840875C7B200E6366F /* Build configuration list for PBXNativeTarget "Sorter" */;
			buildPhases = (
				8D1107290486CEB800E47090 /* Resources */,
				8D11072C0486CEB800E47090 /* Sources */,
				8D11072E0486CEB800E47090 /* Frameworks */,
			);
			buildRules = (
			);
			dependencies = (
			);
			name = Sorter;
			productInstallPath = "$(HOME)/Applications";
			productName = Sorter;
			productReference = 8D1107320486CEB800E47090 /* Sorter.app */;
			productType = "com.apple.product-type.application";
		};
		FD81FFC713CF653C00967B25 /* Tests */ = {
			isa = PBXNativeTarget;
			buildConfigurationList = FD81FFF213CF653D00967B25 /* Build configuration list for PBXNativeTarget "Tests" */;
			buildPhases = (
				FD81FFC413CF653C00967B25 /* Sources */,
				FD81FFC513CF653C00967B25 /* Frameworks */,
				FD81FFFA13CF6BD500967B25 /* CopyFiles */,
				FD81FFC613CF653C00967B25 /* Resources */,
			);
			buildRules = (
			);
			dependencies = (
			);
			name = Tests;
			productName = Tests;
			productReference = FD81FFC813CF653C00967B25 /* Tests.app */;
			productType = "com.apple.product-type.application";
		};
/* End PBXNativeTarget section */

/* Begin PBXProject section */
		29B97313FDCFA39411CA2CEA /* Project object */ = {
			isa = PBXProject;
			attributes = {
				LastUpgradeCheck = 0410;
			};
			buildConfigurationList = 26FC0A880875C7B200E6366F /* Build configuration list for PBXProject "Sorter" */;
			compatibilityVersion = "Xcode 3.2";
			developmentRegion = English;
			hasScannedForEncodings = 1;
			knownRegions = (
				English,
				Japanese,
				French,
				German,
				en,
			);
			mainGroup = 29B97314FDCFA39411CA2CEA /* Sorter */;
			projectDirPath = "";
			projectRoot = "";
			targets = (
				8D1107260486CEB800E47090 /* Sorter */,
				FD81FFC713CF653C00967B25 /* Tests */,
			);
		};
/* End PBXProject section */

/* Begin PBXResourcesBuildPhase section */
		8D1107290486CEB800E47090 /* Resources */ = {
			isa = PBXResourcesBuildPhase;
			buildActionMask = 2147483647;
			files = (
				8D11072B0486CEB800E47090 /* InfoPlist.strings in Resources */,
				2F7446990DB6B7EA00F9684A /* MainMenu.xib in Resources */,
				FD6F66531354DBD8002FBBB9 /* APPL.icns in Resources */,
				FD40AB6813563C9800A2544E /* ToolbarPlus.png in Resources */,
				FD40AB6C135640D600A2544E /* ToolbarMinus.png in Resources */,
				FD50BE62135CBC00003132E4 /* LICENSE in Resources */,
				FD50BE64135CBC43003132E4 /* README.md in Resources */,
				FDFA57B0136D48620007ABF4 /* MainWindow.xib in Resources */,
				FD9B4A4E136DA65C00029EF5 /* DetailView.xib in Resources */,
				FD1705A213DAFEFC00BCCFEA /* ActionSheet.xib in Resources */,
				FD206B3813E429A300E67C80 /* MoveAction.xib in Resources */,
			);
			runOnlyForDeploymentPostprocessing = 0;
		};
		FD81FFC613CF653C00967B25 /* Resources */ = {
			isa = PBXResourcesBuildPhase;
			buildActionMask = 2147483647;
			files = (
				FD81FFD113CF653C00967B25 /* InfoPlist.strings in Resources */,
				FD81FFD713CF653C00967B25 /* Credits.rtf in Resources */,
			);
			runOnlyForDeploymentPostprocessing = 0;
		};
/* End PBXResourcesBuildPhase section */

/* Begin PBXSourcesBuildPhase section */
		8D11072C0486CEB800E47090 /* Sources */ = {
			isa = PBXSourcesBuildPhase;
			buildActionMask = 2147483647;
			files = (
				8D11072D0486CEB800E47090 /* main.m in Sources */,
				77C8280E06725ACE000B614F /* Sorter_AppDelegate.m in Sources */,
				770B37ED0679A11B001EADE2 /* Sorter_DataModel.xcdatamodel in Sources */,
				FD2457EC1309C88F0053DB6D /* RulesController.m in Sources */,
				FD2458391309D60B0053DB6D /* Rule.m in Sources */,
				FD6F395C131FBBD90026E5EC /* Transformers.m in Sources */,
				FDAD0C6C1322A668007A7C73 /* Source.m in Sources */,
				FDAD0C7C1322A9A0007A7C73 /* PBWatcher.m in Sources */,
				FDAD0C981322ABEC007A7C73 /* PBEvent.m in Sources */,
				FDAD0CB11322B86E007A7C73 /* PBWatcherRegistry.m in Sources */,
				FD9D3A86132D2212006B64C7 /* ThreadSafeMutableDictionary.m in Sources */,
				FD69E8DD1336927300DBB4D6 /* RuleHandler.m in Sources */,
				FDFA57AE136D48360007ABF4 /* MainWindowController.m in Sources */,
				FDDBACF9136F3018003CC320 /* TreeNode.m in Sources */,
				FD2E75961371DB5900071A2B /* LeafNode.m in Sources */,
				FD9BA128139B86270068C255 /* ImageAndTextCell.m in Sources */,
				FD04A85E13CE290900561117 /* Action.m in Sources */,
				FD81FFC213CF613400967B25 /* MoveAction.m in Sources */,
				FD1FC10913DC275800BEE5DD /* ActionSheetController.m in Sources */,
				FD29E60C1412440D00646463 /* MoveActionController.m in Sources */,
			);
			runOnlyForDeploymentPostprocessing = 0;
		};
		FD81FFC413CF653C00967B25 /* Sources */ = {
			isa = PBXSourcesBuildPhase;
			buildActionMask = 2147483647;
			files = (
				FD1705A013DAE8CE00BCCFEA /* Sorter_DataModel.xcdatamodel in Sources */,
				FD81005F13D6085F00967B25 /* TestActions.m in Sources */,
				FD81004013CF7C1000967B25 /* PBWatcher.m in Sources */,
				FD81004113CF7C1000967B25 /* PBEvent.m in Sources */,
				FD81004213CF7C1000967B25 /* PBWatcherRegistry.m in Sources */,
				FD81004313CF7C1000967B25 /* TestSetup.m in Sources */,
				FD81004413CF7C1000967B25 /* RulesController.m in Sources */,
				FD81004513CF7C1000967B25 /* MainWindowController.m in Sources */,
				FD81004613CF7C1000967B25 /* Source.m in Sources */,
				FD81004713CF7C1000967B25 /* Rule.m in Sources */,
				FD81004813CF7C1000967B25 /* Action.m in Sources */,
				FD81004913CF7C1000967B25 /* MoveAction.m in Sources */,
				FD81004A13CF7C1000967B25 /* ImageAndTextCell.m in Sources */,
				FD81004B13CF7C1000967B25 /* TreeNode.m in Sources */,
				FD81004C13CF7C1000967B25 /* LeafNode.m in Sources */,
				FD81004D13CF7C1000967B25 /* Sorter_AppDelegate.m in Sources */,
				FD81004E13CF7C1000967B25 /* Transformers.m in Sources */,
				FD17059F13DAE64100BCCFEA /* TestActionsNoDB.m in Sources */,
				FD81004F13CF7C1000967B25 /* ThreadSafeMutableDictionary.m in Sources */,
				FD81005013CF7C1000967B25 /* RuleHandler.m in Sources */,
				FD81FFD413CF653C00967B25 /* main.m in Sources */,
			);
			runOnlyForDeploymentPostprocessing = 0;
		};
/* End PBXSourcesBuildPhase section */

/* Begin PBXVariantGroup section */
		089C165CFE840E0CC02AAC07 /* InfoPlist.strings */ = {
			isa = PBXVariantGroup;
			children = (
				089C165DFE840E0CC02AAC07 /* English */,
			);
			name = InfoPlist.strings;
			sourceTree = "<group>";
		};
		2F7446970DB6B7EA00F9684A /* MainMenu.xib */ = {
			isa = PBXVariantGroup;
			children = (
				2F7446980DB6B7EA00F9684A /* English */,
			);
			name = MainMenu.xib;
			sourceTree = "<group>";
		};
		FD81FFCF13CF653C00967B25 /* InfoPlist.strings */ = {
			isa = PBXVariantGroup;
			children = (
				FD81FFD013CF653C00967B25 /* en */,
			);
			name = InfoPlist.strings;
			sourceTree = "<group>";
		};
		FD81FFD513CF653C00967B25 /* Credits.rtf */ = {
			isa = PBXVariantGroup;
			children = (
				FD81FFD613CF653C00967B25 /* en */,
			);
			name = Credits.rtf;
			sourceTree = "<group>";
		};
/* End PBXVariantGroup section */

/* Begin XCBuildConfiguration section */
		26FC0A850875C7B200E6366F /* Debug */ = {
			isa = XCBuildConfiguration;
			buildSettings = {
				ARCHS = "$(ARCHS_STANDARD_32_64_BIT)";
				COPY_PHASE_STRIP = NO;
				FRAMEWORK_SEARCH_PATHS = (
					"$(inherited)",
					"\"$(SRCROOT)\"",
				);
				GCC_DYNAMIC_NO_PIC = NO;
				GCC_ENABLE_OBJC_EXCEPTIONS = YES;
				GCC_MODEL_TUNING = G5;
				GCC_OPTIMIZATION_LEVEL = 0;
				GCC_PRECOMPILE_PREFIX_HEADER = YES;
				GCC_PREFIX_HEADER = Sorter_Prefix.pch;
				GCC_PREPROCESSOR_DEFINITIONS = (
					MY_DEBUG_FLAG,
					"MY_DEBUG_DIR=/Users/brachwitz/tmp",
				);
				INFOPLIST_FILE = "Sorter-Info.plist";
				INSTALL_PATH = "$(HOME)/Applications";
				PRODUCT_NAME = Sorter;
				WRAPPER_EXTENSION = app;
			};
			name = Debug;
		};
		26FC0A860875C7B200E6366F /* Release */ = {
			isa = XCBuildConfiguration;
			buildSettings = {
				DEBUG_INFORMATION_FORMAT = "dwarf-with-dsym";
				FRAMEWORK_SEARCH_PATHS = (
					"$(inherited)",
					"\"$(SRCROOT)\"",
				);
				GCC_ENABLE_OBJC_EXCEPTIONS = YES;
				GCC_MODEL_TUNING = G5;
				GCC_PRECOMPILE_PREFIX_HEADER = YES;
				GCC_PREFIX_HEADER = Sorter_Prefix.pch;
				INFOPLIST_FILE = "Sorter-Info.plist";
				INSTALL_PATH = "$(HOME)/Applications";
				PRODUCT_NAME = Sorter;
				WRAPPER_EXTENSION = app;
			};
			name = Release;
		};
		26FC0A890875C7B200E6366F /* Debug */ = {
			isa = XCBuildConfiguration;
			buildSettings = {
				ARCHS = "$(ARCHS_STANDARD_32_64_BIT)";
				GCC_C_LANGUAGE_STANDARD = gnu99;
				GCC_PREPROCESSOR_DEFINITIONS = MY_DEBUG_FLAG;
				GCC_WARN_ABOUT_RETURN_TYPE = YES;
				GCC_WARN_UNUSED_VARIABLE = YES;
				ONLY_ACTIVE_ARCH = YES;
				SDKROOT = macosx;
			};
			name = Debug;
		};
		26FC0A8A0875C7B200E6366F /* Release */ = {
			isa = XCBuildConfiguration;
			buildSettings = {
				ARCHS = "$(ARCHS_STANDARD_32_64_BIT)";
				GCC_C_LANGUAGE_STANDARD = gnu99;
				GCC_WARN_ABOUT_RETURN_TYPE = YES;
				GCC_WARN_UNUSED_VARIABLE = YES;
				SDKROOT = macosx;
			};
			name = Release;
		};
		FD81FFF313CF653D00967B25 /* Debug */ = {
			isa = XCBuildConfiguration;
			buildSettings = {
				ALWAYS_SEARCH_USER_PATHS = NO;
				COPY_PHASE_STRIP = NO;
				FRAMEWORK_SEARCH_PATHS = (
					"$(inherited)",
					"\"$(SRCROOT)/Tests\"",
					"\"$(SRCROOT)\"",
				);
				GCC_DYNAMIC_NO_PIC = NO;
				GCC_ENABLE_OBJC_EXCEPTIONS = YES;
				GCC_OPTIMIZATION_LEVEL = 0;
				GCC_PRECOMPILE_PREFIX_HEADER = YES;
				GCC_PREFIX_HEADER = "Tests/Tests-Prefix.pch";
				GCC_PREPROCESSOR_DEFINITIONS = DEBUG;
				GCC_SYMBOLS_PRIVATE_EXTERN = NO;
				GCC_VERSION = com.apple.compilers.llvm.clang.1_0;
				GCC_WARN_64_TO_32_BIT_CONVERSION = YES;
				INFOPLIST_FILE = "Tests/Tests-Info.plist";
				LD_RUNPATH_SEARCH_PATHS = "@loader_path/../Frameworks";
				MACOSX_DEPLOYMENT_TARGET = 10.6;
				OTHER_LDFLAGS = (
					"-ObjC",
					"-all_load",
				);
				PRODUCT_NAME = "$(TARGET_NAME)";
				SDKROOT = macosx;
				WRAPPER_EXTENSION = app;
			};
			name = Debug;
		};
		FD81FFF413CF653D00967B25 /* Release */ = {
			isa = XCBuildConfiguration;
			buildSettings = {
				ALWAYS_SEARCH_USER_PATHS = NO;
				COPY_PHASE_STRIP = YES;
				DEBUG_INFORMATION_FORMAT = "dwarf-with-dsym";
				FRAMEWORK_SEARCH_PATHS = (
					"$(inherited)",
					"\"$(SRCROOT)/Tests\"",
					"\"$(SRCROOT)\"",
				);
				GCC_ENABLE_OBJC_EXCEPTIONS = YES;
				GCC_PRECOMPILE_PREFIX_HEADER = YES;
				GCC_PREFIX_HEADER = "Tests/Tests-Prefix.pch";
				GCC_VERSION = com.apple.compilers.llvm.clang.1_0;
				GCC_WARN_64_TO_32_BIT_CONVERSION = YES;
				INFOPLIST_FILE = "Tests/Tests-Info.plist";
				LD_RUNPATH_SEARCH_PATHS = "@loader_path/../Frameworks";
				MACOSX_DEPLOYMENT_TARGET = 10.6;
				OTHER_LDFLAGS = (
					"-ObjC",
					"-all_load",
				);
				PRODUCT_NAME = "$(TARGET_NAME)";
				SDKROOT = macosx;
				WRAPPER_EXTENSION = app;
			};
			name = Release;
		};
/* End XCBuildConfiguration section */

/* Begin XCConfigurationList section */
		26FC0A840875C7B200E6366F /* Build configuration list for PBXNativeTarget "Sorter" */ = {
			isa = XCConfigurationList;
			buildConfigurations = (
				26FC0A850875C7B200E6366F /* Debug */,
				26FC0A860875C7B200E6366F /* Release */,
			);
			defaultConfigurationIsVisible = 0;
			defaultConfigurationName = Release;
		};
		26FC0A880875C7B200E6366F /* Build configuration list for PBXProject "Sorter" */ = {
			isa = XCConfigurationList;
			buildConfigurations = (
				26FC0A890875C7B200E6366F /* Debug */,
				26FC0A8A0875C7B200E6366F /* Release */,
			);
			defaultConfigurationIsVisible = 0;
			defaultConfigurationName = Release;
		};
		FD81FFF213CF653D00967B25 /* Build configuration list for PBXNativeTarget "Tests" */ = {
			isa = XCConfigurationList;
			buildConfigurations = (
				FD81FFF313CF653D00967B25 /* Debug */,
				FD81FFF413CF653D00967B25 /* Release */,
			);
			defaultConfigurationIsVisible = 0;
			defaultConfigurationName = Release;
		};
/* End XCConfigurationList section */
	};
	rootObject = 29B97313FDCFA39411CA2CEA /* Project object */;
}
