// !$*UTF8*$!
{
	archiveVersion = 1;
	classes = {
	};
	objectVersion = 46;
	objects = {

/* Begin PBXBuildFile section */
		8D11072D0486CEB800E47090 /* main.m in Sources */ = {isa = PBXBuildFile; fileRef = 29B97316FDCFA39411CA2CEA /* main.m */; settings = {ATTRIBUTES = (); }; };
		8D11072F0486CEB800E47090 /* Cocoa.framework in Frameworks */ = {isa = PBXBuildFile; fileRef = 1058C7A1FEA54F0111CA2CBB /* Cocoa.framework */; };
		FD0DB57314AB4A7200768447 /* PBSourceObserver.m in Sources */ = {isa = PBXBuildFile; fileRef = FD0DB57214AB4A7200768447 /* PBSourceObserver.m */; };
		FD9E364014A9D5DB006C6F89 /* InfoPlist.strings in Resources */ = {isa = PBXBuildFile; fileRef = FD9E363E14A9D5DB006C6F89 /* InfoPlist.strings */; };
		FD9E369014A9E52F006C6F89 /* SenTestingKit.framework in Frameworks */ = {isa = PBXBuildFile; fileRef = FD9E368F14A9E52F006C6F89 /* SenTestingKit.framework */; };
		FD9E369314A9E6E3006C6F89 /* Cocoa.framework in Frameworks */ = {isa = PBXBuildFile; fileRef = 1058C7A1FEA54F0111CA2CBB /* Cocoa.framework */; };
		FD9E36C614A9ECBB006C6F89 /* MoveAction.m in Sources */ = {isa = PBXBuildFile; fileRef = FD9E369814A9ECBB006C6F89 /* MoveAction.m */; };
		FD9E36C714A9ECBB006C6F89 /* Sorter_AppDelegate.m in Sources */ = {isa = PBXBuildFile; fileRef = FD9E369B14A9ECBB006C6F89 /* Sorter_AppDelegate.m */; };
		FD9E36C814A9ECBB006C6F89 /* ImageAndTextCell.m in Sources */ = {isa = PBXBuildFile; fileRef = FD9E369E14A9ECBB006C6F89 /* ImageAndTextCell.m */; };
		FD9E36C914A9ECBB006C6F89 /* ActionSheetController.m in Sources */ = {isa = PBXBuildFile; fileRef = FD9E36A114A9ECBB006C6F89 /* ActionSheetController.m */; };
		FD9E36CA14A9ECBB006C6F89 /* MainWindowController.m in Sources */ = {isa = PBXBuildFile; fileRef = FD9E36A314A9ECBB006C6F89 /* MainWindowController.m */; };
		FD9E36CB14A9ECBB006C6F89 /* MoveActionController.m in Sources */ = {isa = PBXBuildFile; fileRef = FD9E36A514A9ECBB006C6F89 /* MoveActionController.m */; };
		FD9E36CC14A9ECBB006C6F89 /* RuleHandler.m in Sources */ = {isa = PBXBuildFile; fileRef = FD9E36A714A9ECBB006C6F89 /* RuleHandler.m */; };
		FD9E36CD14A9ECBB006C6F89 /* RulesController.m in Sources */ = {isa = PBXBuildFile; fileRef = FD9E36A914A9ECBB006C6F89 /* RulesController.m */; };
		FD9E36CE14A9ECBB006C6F89 /* PBEvent.m in Sources */ = {isa = PBXBuildFile; fileRef = FD9E36AC14A9ECBB006C6F89 /* PBEvent.m */; };
		FD9E36CF14A9ECBB006C6F89 /* PBWatcher.m in Sources */ = {isa = PBXBuildFile; fileRef = FD9E36AF14A9ECBB006C6F89 /* PBWatcher.m */; };
		FD9E36D014A9ECBB006C6F89 /* PBWatcherRegistry.m in Sources */ = {isa = PBXBuildFile; fileRef = FD9E36B114A9ECBB006C6F89 /* PBWatcherRegistry.m */; };
		FD9E36D114A9ECBB006C6F89 /* Action.m in Sources */ = {isa = PBXBuildFile; fileRef = FD9E36B414A9ECBB006C6F89 /* Action.m */; };
		FD9E36D214A9ECBB006C6F89 /* Rule.m in Sources */ = {isa = PBXBuildFile; fileRef = FD9E36B614A9ECBB006C6F89 /* Rule.m */; };
		FD9E36D314A9ECBB006C6F89 /* Source.m in Sources */ = {isa = PBXBuildFile; fileRef = FD9E36B814A9ECBB006C6F89 /* Source.m */; };
		FD9E36D414A9ECBB006C6F89 /* LeafNode.m in Sources */ = {isa = PBXBuildFile; fileRef = FD9E36BB14A9ECBB006C6F89 /* LeafNode.m */; };
		FD9E36D514A9ECBB006C6F89 /* TreeNode.m in Sources */ = {isa = PBXBuildFile; fileRef = FD9E36BD14A9ECBB006C6F89 /* TreeNode.m */; };
		FD9E36D614A9ECBB006C6F89 /* PBMetaDataResolver.m in Sources */ = {isa = PBXBuildFile; fileRef = FD9E36C114A9ECBB006C6F89 /* PBMetaDataResolver.m */; };
		FD9E36D714A9ECBB006C6F89 /* ThreadSafeMutableDictionary.m in Sources */ = {isa = PBXBuildFile; fileRef = FD9E36C314A9ECBB006C6F89 /* ThreadSafeMutableDictionary.m */; };
		FD9E36D814A9ECBB006C6F89 /* Transformers.m in Sources */ = {isa = PBXBuildFile; fileRef = FD9E36C514A9ECBB006C6F89 /* Transformers.m */; };
		FD9E36E714A9ED03006C6F89 /* ActionSheet.xib in Resources */ = {isa = PBXBuildFile; fileRef = FD9E36DA14A9ED03006C6F89 /* ActionSheet.xib */; };
		FD9E36E814A9ED03006C6F89 /* DetailView.xib in Resources */ = {isa = PBXBuildFile; fileRef = FD9E36DB14A9ED03006C6F89 /* DetailView.xib */; };
		FD9E36E914A9ED03006C6F89 /* InfoPlist.strings in Resources */ = {isa = PBXBuildFile; fileRef = FD9E36DC14A9ED03006C6F89 /* InfoPlist.strings */; };
		FD9E36EA14A9ED03006C6F89 /* MainMenu.xib in Resources */ = {isa = PBXBuildFile; fileRef = FD9E36DE14A9ED03006C6F89 /* MainMenu.xib */; };
		FD9E36EB14A9ED03006C6F89 /* Generated.xib in Resources */ = {isa = PBXBuildFile; fileRef = FD9E36E014A9ED03006C6F89 /* Generated.xib */; };
		FD9E36EC14A9ED03006C6F89 /* APPL.icns in Resources */ = {isa = PBXBuildFile; fileRef = FD9E36E214A9ED03006C6F89 /* APPL.icns */; };
		FD9E36ED14A9ED03006C6F89 /* ToolbarMinus.png in Resources */ = {isa = PBXBuildFile; fileRef = FD9E36E314A9ED03006C6F89 /* ToolbarMinus.png */; };
		FD9E36EE14A9ED03006C6F89 /* ToolbarPlus.png in Resources */ = {isa = PBXBuildFile; fileRef = FD9E36E414A9ED03006C6F89 /* ToolbarPlus.png */; };
		FD9E36EF14A9ED03006C6F89 /* MainWindow.xib in Resources */ = {isa = PBXBuildFile; fileRef = FD9E36E514A9ED03006C6F89 /* MainWindow.xib */; };
		FD9E36F014A9ED03006C6F89 /* MoveAction.xib in Resources */ = {isa = PBXBuildFile; fileRef = FD9E36E614A9ED03006C6F89 /* MoveAction.xib */; };
		FD9E36F214A9ED5A006C6F89 /* Sorter_DataModel.xcdatamodel in Sources */ = {isa = PBXBuildFile; fileRef = FD9E36F114A9ED5A006C6F89 /* Sorter_DataModel.xcdatamodel */; };
		FD9E36F714A9F064006C6F89 /* TestSpotlightPredicates.m in Sources */ = {isa = PBXBuildFile; fileRef = FD9E36F614A9F064006C6F89 /* TestSpotlightPredicates.m */; };
		FD9E36FA14A9F80D006C6F89 /* PBMetaDataPredicate.m in Sources */ = {isa = PBXBuildFile; fileRef = FD9E36F914A9F80D006C6F89 /* PBMetaDataPredicate.m */; };
		FD9E370114AA2395006C6F89 /* PBMetaDataComparisonPredicate.m in Sources */ = {isa = PBXBuildFile; fileRef = FD9E370014AA2394006C6F89 /* PBMetaDataComparisonPredicate.m */; };
		FD9E370414AA2A66006C6F89 /* TestPBMetaDataComparisonPredicate.m in Sources */ = {isa = PBXBuildFile; fileRef = FD9E370314AA2A66006C6F89 /* TestPBMetaDataComparisonPredicate.m */; };
		FDBB239614AB990E00FA730C /* NSManagedObjectContext+PBCoreDataSugar.m in Sources */ = {isa = PBXBuildFile; fileRef = FDBB239514AB990E00FA730C /* NSManagedObjectContext+PBCoreDataSugar.m */; };
/* End PBXBuildFile section */

/* Begin PBXContainerItemProxy section */
		FD9E364814A9D5F5006C6F89 /* PBXContainerItemProxy */ = {
			isa = PBXContainerItemProxy;
			containerPortal = 29B97313FDCFA39411CA2CEA /* Project object */;
			proxyType = 1;
			remoteGlobalIDString = 8D1107260486CEB800E47090;
			remoteInfo = Sorter;
		};
/* End PBXContainerItemProxy section */

/* Begin PBXFileReference section */
		1058C7A1FEA54F0111CA2CBB /* Cocoa.framework */ = {isa = PBXFileReference; lastKnownFileType = wrapper.framework; name = Cocoa.framework; path = /System/Library/Frameworks/Cocoa.framework; sourceTree = "<absolute>"; };
		29B97316FDCFA39411CA2CEA /* main.m */ = {isa = PBXFileReference; fileEncoding = 4; lastKnownFileType = sourcecode.c.objc; path = main.m; sourceTree = "<group>"; };
		29B97324FDCFA39411CA2CEA /* AppKit.framework */ = {isa = PBXFileReference; lastKnownFileType = wrapper.framework; name = AppKit.framework; path = /System/Library/Frameworks/AppKit.framework; sourceTree = "<absolute>"; };
		29B97325FDCFA39411CA2CEA /* Foundation.framework */ = {isa = PBXFileReference; lastKnownFileType = wrapper.framework; name = Foundation.framework; path = /System/Library/Frameworks/Foundation.framework; sourceTree = "<absolute>"; };
		32CA4F630368D1EE00C91783 /* Sorter_Prefix.pch */ = {isa = PBXFileReference; fileEncoding = 4; lastKnownFileType = sourcecode.c.h; path = Sorter_Prefix.pch; sourceTree = "<group>"; };
		77C82804067257F0000B614F /* CoreData.framework */ = {isa = PBXFileReference; lastKnownFileType = wrapper.framework; name = CoreData.framework; path = /System/Library/Frameworks/CoreData.framework; sourceTree = "<absolute>"; };
		8D1107320486CEB800E47090 /* Sorter.app */ = {isa = PBXFileReference; explicitFileType = wrapper.application; includeInIndex = 0; path = Sorter.app; sourceTree = BUILT_PRODUCTS_DIR; };
		FD0DB57114AB4A7200768447 /* PBSourceObserver.h */ = {isa = PBXFileReference; fileEncoding = 4; lastKnownFileType = sourcecode.c.h; path = PBSourceObserver.h; sourceTree = "<group>"; };
		FD0DB57214AB4A7200768447 /* PBSourceObserver.m */ = {isa = PBXFileReference; fileEncoding = 4; lastKnownFileType = sourcecode.c.objc; path = PBSourceObserver.m; sourceTree = "<group>"; };
		FD9E363614A9D5DB006C6F89 /* Tests.octest */ = {isa = PBXFileReference; explicitFileType = wrapper.cfbundle; includeInIndex = 0; path = Tests.octest; sourceTree = BUILT_PRODUCTS_DIR; };
		FD9E363D14A9D5DB006C6F89 /* Tests-Info.plist */ = {isa = PBXFileReference; lastKnownFileType = text.plist.xml; path = "Tests-Info.plist"; sourceTree = "<group>"; };
		FD9E363F14A9D5DB006C6F89 /* en */ = {isa = PBXFileReference; lastKnownFileType = text.plist.strings; name = en; path = en.lproj/InfoPlist.strings; sourceTree = "<group>"; };
		FD9E364414A9D5DB006C6F89 /* Tests-Prefix.pch */ = {isa = PBXFileReference; lastKnownFileType = sourcecode.c.h; path = "Tests-Prefix.pch"; sourceTree = "<group>"; };
		FD9E368F14A9E52F006C6F89 /* SenTestingKit.framework */ = {isa = PBXFileReference; lastKnownFileType = wrapper.framework; name = SenTestingKit.framework; path = Library/Frameworks/SenTestingKit.framework; sourceTree = DEVELOPER_DIR; };
		FD9E369614A9ECBB006C6F89 /* ActionStrategy.h */ = {isa = PBXFileReference; fileEncoding = 4; lastKnownFileType = sourcecode.c.h; path = ActionStrategy.h; sourceTree = "<group>"; };
		FD9E369714A9ECBB006C6F89 /* MoveAction.h */ = {isa = PBXFileReference; fileEncoding = 4; lastKnownFileType = sourcecode.c.h; path = MoveAction.h; sourceTree = "<group>"; };
		FD9E369814A9ECBB006C6F89 /* MoveAction.m */ = {isa = PBXFileReference; fileEncoding = 4; lastKnownFileType = sourcecode.c.objc; path = MoveAction.m; sourceTree = "<group>"; };
		FD9E369A14A9ECBB006C6F89 /* Sorter_AppDelegate.h */ = {isa = PBXFileReference; fileEncoding = 4; lastKnownFileType = sourcecode.c.h; path = Sorter_AppDelegate.h; sourceTree = "<group>"; };
		FD9E369B14A9ECBB006C6F89 /* Sorter_AppDelegate.m */ = {isa = PBXFileReference; fileEncoding = 4; lastKnownFileType = sourcecode.c.objc; path = Sorter_AppDelegate.m; sourceTree = "<group>"; };
		FD9E369D14A9ECBB006C6F89 /* ImageAndTextCell.h */ = {isa = PBXFileReference; fileEncoding = 4; lastKnownFileType = sourcecode.c.h; path = ImageAndTextCell.h; sourceTree = "<group>"; };
		FD9E369E14A9ECBB006C6F89 /* ImageAndTextCell.m */ = {isa = PBXFileReference; fileEncoding = 4; lastKnownFileType = sourcecode.c.objc; path = ImageAndTextCell.m; sourceTree = "<group>"; };
		FD9E36A014A9ECBB006C6F89 /* ActionSheetController.h */ = {isa = PBXFileReference; fileEncoding = 4; lastKnownFileType = sourcecode.c.h; path = ActionSheetController.h; sourceTree = "<group>"; };
		FD9E36A114A9ECBB006C6F89 /* ActionSheetController.m */ = {isa = PBXFileReference; fileEncoding = 4; lastKnownFileType = sourcecode.c.objc; path = ActionSheetController.m; sourceTree = "<group>"; };
		FD9E36A214A9ECBB006C6F89 /* MainWindowController.h */ = {isa = PBXFileReference; fileEncoding = 4; lastKnownFileType = sourcecode.c.h; path = MainWindowController.h; sourceTree = "<group>"; };
		FD9E36A314A9ECBB006C6F89 /* MainWindowController.m */ = {isa = PBXFileReference; fileEncoding = 4; lastKnownFileType = sourcecode.c.objc; path = MainWindowController.m; sourceTree = "<group>"; };
		FD9E36A414A9ECBB006C6F89 /* MoveActionController.h */ = {isa = PBXFileReference; fileEncoding = 4; lastKnownFileType = sourcecode.c.h; path = MoveActionController.h; sourceTree = "<group>"; };
		FD9E36A514A9ECBB006C6F89 /* MoveActionController.m */ = {isa = PBXFileReference; fileEncoding = 4; lastKnownFileType = sourcecode.c.objc; path = MoveActionController.m; sourceTree = "<group>"; };
		FD9E36A614A9ECBB006C6F89 /* RuleHandler.h */ = {isa = PBXFileReference; fileEncoding = 4; lastKnownFileType = sourcecode.c.h; path = RuleHandler.h; sourceTree = "<group>"; };
		FD9E36A714A9ECBB006C6F89 /* RuleHandler.m */ = {isa = PBXFileReference; fileEncoding = 4; lastKnownFileType = sourcecode.c.objc; path = RuleHandler.m; sourceTree = "<group>"; };
		FD9E36A814A9ECBB006C6F89 /* RulesController.h */ = {isa = PBXFileReference; fileEncoding = 4; lastKnownFileType = sourcecode.c.h; path = RulesController.h; sourceTree = "<group>"; };
		FD9E36A914A9ECBB006C6F89 /* RulesController.m */ = {isa = PBXFileReference; fileEncoding = 4; lastKnownFileType = sourcecode.c.objc; path = RulesController.m; sourceTree = "<group>"; };
		FD9E36AB14A9ECBB006C6F89 /* PBEvent.h */ = {isa = PBXFileReference; fileEncoding = 4; lastKnownFileType = sourcecode.c.h; path = PBEvent.h; sourceTree = "<group>"; };
		FD9E36AC14A9ECBB006C6F89 /* PBEvent.m */ = {isa = PBXFileReference; fileEncoding = 4; lastKnownFileType = sourcecode.c.objc; path = PBEvent.m; sourceTree = "<group>"; };
		FD9E36AD14A9ECBB006C6F89 /* PBEventListener.h */ = {isa = PBXFileReference; fileEncoding = 4; lastKnownFileType = sourcecode.c.h; path = PBEventListener.h; sourceTree = "<group>"; };
		FD9E36AE14A9ECBB006C6F89 /* PBWatcher.h */ = {isa = PBXFileReference; fileEncoding = 4; lastKnownFileType = sourcecode.c.h; path = PBWatcher.h; sourceTree = "<group>"; };
		FD9E36AF14A9ECBB006C6F89 /* PBWatcher.m */ = {isa = PBXFileReference; fileEncoding = 4; lastKnownFileType = sourcecode.c.objc; path = PBWatcher.m; sourceTree = "<group>"; };
		FD9E36B014A9ECBB006C6F89 /* PBWatcherRegistry.h */ = {isa = PBXFileReference; fileEncoding = 4; lastKnownFileType = sourcecode.c.h; path = PBWatcherRegistry.h; sourceTree = "<group>"; };
		FD9E36B114A9ECBB006C6F89 /* PBWatcherRegistry.m */ = {isa = PBXFileReference; fileEncoding = 4; lastKnownFileType = sourcecode.c.objc; path = PBWatcherRegistry.m; sourceTree = "<group>"; };
		FD9E36B314A9ECBB006C6F89 /* Action.h */ = {isa = PBXFileReference; fileEncoding = 4; lastKnownFileType = sourcecode.c.h; path = Action.h; sourceTree = "<group>"; };
		FD9E36B414A9ECBB006C6F89 /* Action.m */ = {isa = PBXFileReference; fileEncoding = 4; lastKnownFileType = sourcecode.c.objc; path = Action.m; sourceTree = "<group>"; };
		FD9E36B514A9ECBB006C6F89 /* Rule.h */ = {isa = PBXFileReference; fileEncoding = 4; lastKnownFileType = sourcecode.c.h; path = Rule.h; sourceTree = "<group>"; };
		FD9E36B614A9ECBB006C6F89 /* Rule.m */ = {isa = PBXFileReference; fileEncoding = 4; lastKnownFileType = sourcecode.c.objc; path = Rule.m; sourceTree = "<group>"; };
		FD9E36B714A9ECBB006C6F89 /* Source.h */ = {isa = PBXFileReference; fileEncoding = 4; lastKnownFileType = sourcecode.c.h; path = Source.h; sourceTree = "<group>"; };
		FD9E36B814A9ECBB006C6F89 /* Source.m */ = {isa = PBXFileReference; fileEncoding = 4; lastKnownFileType = sourcecode.c.objc; path = Source.m; sourceTree = "<group>"; };
		FD9E36BA14A9ECBB006C6F89 /* LeafNode.h */ = {isa = PBXFileReference; fileEncoding = 4; lastKnownFileType = sourcecode.c.h; path = LeafNode.h; sourceTree = "<group>"; };
		FD9E36BB14A9ECBB006C6F89 /* LeafNode.m */ = {isa = PBXFileReference; fileEncoding = 4; lastKnownFileType = sourcecode.c.objc; path = LeafNode.m; sourceTree = "<group>"; };
		FD9E36BC14A9ECBB006C6F89 /* TreeNode.h */ = {isa = PBXFileReference; fileEncoding = 4; lastKnownFileType = sourcecode.c.h; path = TreeNode.h; sourceTree = "<group>"; };
		FD9E36BD14A9ECBB006C6F89 /* TreeNode.m */ = {isa = PBXFileReference; fileEncoding = 4; lastKnownFileType = sourcecode.c.objc; path = TreeNode.m; sourceTree = "<group>"; };
		FD9E36BE14A9ECBB006C6F89 /* TreeSupport.h */ = {isa = PBXFileReference; fileEncoding = 4; lastKnownFileType = sourcecode.c.h; path = TreeSupport.h; sourceTree = "<group>"; };
		FD9E36C014A9ECBB006C6F89 /* PBMetaDataResolver.h */ = {isa = PBXFileReference; fileEncoding = 4; lastKnownFileType = sourcecode.c.h; path = PBMetaDataResolver.h; sourceTree = "<group>"; };
		FD9E36C114A9ECBB006C6F89 /* PBMetaDataResolver.m */ = {isa = PBXFileReference; fileEncoding = 4; lastKnownFileType = sourcecode.c.objc; path = PBMetaDataResolver.m; sourceTree = "<group>"; };
		FD9E36C214A9ECBB006C6F89 /* ThreadSafeMutableDictionary.h */ = {isa = PBXFileReference; fileEncoding = 4; lastKnownFileType = sourcecode.c.h; path = ThreadSafeMutableDictionary.h; sourceTree = "<group>"; };
		FD9E36C314A9ECBB006C6F89 /* ThreadSafeMutableDictionary.m */ = {isa = PBXFileReference; fileEncoding = 4; lastKnownFileType = sourcecode.c.objc; path = ThreadSafeMutableDictionary.m; sourceTree = "<group>"; };
		FD9E36C414A9ECBB006C6F89 /* Transformers.h */ = {isa = PBXFileReference; fileEncoding = 4; lastKnownFileType = sourcecode.c.h; path = Transformers.h; sourceTree = "<group>"; };
		FD9E36C514A9ECBB006C6F89 /* Transformers.m */ = {isa = PBXFileReference; fileEncoding = 4; lastKnownFileType = sourcecode.c.objc; path = Transformers.m; sourceTree = "<group>"; };
		FD9E36DA14A9ED03006C6F89 /* ActionSheet.xib */ = {isa = PBXFileReference; fileEncoding = 4; lastKnownFileType = file.xib; path = ActionSheet.xib; sourceTree = "<group>"; };
		FD9E36DB14A9ED03006C6F89 /* DetailView.xib */ = {isa = PBXFileReference; fileEncoding = 4; lastKnownFileType = file.xib; path = DetailView.xib; sourceTree = "<group>"; };
		FD9E36DD14A9ED03006C6F89 /* English */ = {isa = PBXFileReference; lastKnownFileType = text.plist.strings; name = English; path = English.lproj/InfoPlist.strings; sourceTree = "<group>"; };
		FD9E36DF14A9ED03006C6F89 /* English */ = {isa = PBXFileReference; lastKnownFileType = file.xib; name = English; path = English.lproj/MainMenu.xib; sourceTree = "<group>"; };
		FD9E36E014A9ED03006C6F89 /* Generated.xib */ = {isa = PBXFileReference; fileEncoding = 4; lastKnownFileType = file.xib; path = Generated.xib; sourceTree = "<group>"; };
		FD9E36E214A9ED03006C6F89 /* APPL.icns */ = {isa = PBXFileReference; lastKnownFileType = image.icns; path = APPL.icns; sourceTree = "<group>"; };
		FD9E36E314A9ED03006C6F89 /* ToolbarMinus.png */ = {isa = PBXFileReference; lastKnownFileType = image.png; path = ToolbarMinus.png; sourceTree = "<group>"; };
		FD9E36E414A9ED03006C6F89 /* ToolbarPlus.png */ = {isa = PBXFileReference; lastKnownFileType = image.png; path = ToolbarPlus.png; sourceTree = "<group>"; };
		FD9E36E514A9ED03006C6F89 /* MainWindow.xib */ = {isa = PBXFileReference; fileEncoding = 4; lastKnownFileType = file.xib; path = MainWindow.xib; sourceTree = "<group>"; };
		FD9E36E614A9ED03006C6F89 /* MoveAction.xib */ = {isa = PBXFileReference; fileEncoding = 4; lastKnownFileType = file.xib; path = MoveAction.xib; sourceTree = "<group>"; };
		FD9E36F114A9ED5A006C6F89 /* Sorter_DataModel.xcdatamodel */ = {isa = PBXFileReference; lastKnownFileType = wrapper.xcdatamodel; path = Sorter_DataModel.xcdatamodel; sourceTree = SOURCE_ROOT; };
		FD9E36F314A9ED71006C6F89 /* Sorter-Info.plist */ = {isa = PBXFileReference; fileEncoding = 4; lastKnownFileType = text.plist.xml; path = "Sorter-Info.plist"; sourceTree = SOURCE_ROOT; };
		FD9E36F514A9F064006C6F89 /* TestSpotlightPredicates.h */ = {isa = PBXFileReference; fileEncoding = 4; lastKnownFileType = sourcecode.c.h; path = TestSpotlightPredicates.h; sourceTree = "<group>"; };
		FD9E36F614A9F064006C6F89 /* TestSpotlightPredicates.m */ = {isa = PBXFileReference; fileEncoding = 4; lastKnownFileType = sourcecode.c.objc; path = TestSpotlightPredicates.m; sourceTree = "<group>"; };
		FD9E36F814A9F80D006C6F89 /* PBMetaDataPredicate.h */ = {isa = PBXFileReference; fileEncoding = 4; lastKnownFileType = sourcecode.c.h; path = PBMetaDataPredicate.h; sourceTree = "<group>"; };
		FD9E36F914A9F80D006C6F89 /* PBMetaDataPredicate.m */ = {isa = PBXFileReference; fileEncoding = 4; lastKnownFileType = sourcecode.c.objc; path = PBMetaDataPredicate.m; sourceTree = "<group>"; };
		FD9E36FF14AA2394006C6F89 /* PBMetaDataComparisonPredicate.h */ = {isa = PBXFileReference; fileEncoding = 4; lastKnownFileType = sourcecode.c.h; path = PBMetaDataComparisonPredicate.h; sourceTree = "<group>"; };
		FD9E370014AA2394006C6F89 /* PBMetaDataComparisonPredicate.m */ = {isa = PBXFileReference; fileEncoding = 4; lastKnownFileType = sourcecode.c.objc; path = PBMetaDataComparisonPredicate.m; sourceTree = "<group>"; };
		FD9E370214AA2A66006C6F89 /* TestPBMetaDataComparisonPredicate.h */ = {isa = PBXFileReference; fileEncoding = 4; lastKnownFileType = sourcecode.c.h; path = TestPBMetaDataComparisonPredicate.h; sourceTree = "<group>"; };
		FD9E370314AA2A66006C6F89 /* TestPBMetaDataComparisonPredicate.m */ = {isa = PBXFileReference; fileEncoding = 4; lastKnownFileType = sourcecode.c.objc; path = TestPBMetaDataComparisonPredicate.m; sourceTree = "<group>"; };
		FDBB239414AB990E00FA730C /* NSManagedObjectContext+PBCoreDataSugar.h */ = {isa = PBXFileReference; fileEncoding = 4; lastKnownFileType = sourcecode.c.h; path = "NSManagedObjectContext+PBCoreDataSugar.h"; sourceTree = "<group>"; };
		FDBB239514AB990E00FA730C /* NSManagedObjectContext+PBCoreDataSugar.m */ = {isa = PBXFileReference; fileEncoding = 4; lastKnownFileType = sourcecode.c.objc; path = "NSManagedObjectContext+PBCoreDataSugar.m"; sourceTree = "<group>"; };
/* End PBXFileReference section */

/* Begin PBXFrameworksBuildPhase section */
		8D11072E0486CEB800E47090 /* Frameworks */ = {
			isa = PBXFrameworksBuildPhase;
			buildActionMask = 2147483647;
			files = (
				8D11072F0486CEB800E47090 /* Cocoa.framework in Frameworks */,
			);
			runOnlyForDeploymentPostprocessing = 0;
		};
		FD9E363214A9D5DB006C6F89 /* Frameworks */ = {
			isa = PBXFrameworksBuildPhase;
			buildActionMask = 2147483647;
			files = (
				FD9E369014A9E52F006C6F89 /* SenTestingKit.framework in Frameworks */,
				FD9E369314A9E6E3006C6F89 /* Cocoa.framework in Frameworks */,
			);
			runOnlyForDeploymentPostprocessing = 0;
		};
/* End PBXFrameworksBuildPhase section */

/* Begin PBXGroup section */
		1058C7A2FEA54F0111CA2CBB /* Other Frameworks */ = {
			isa = PBXGroup;
			children = (
				77C82804067257F0000B614F /* CoreData.framework */,
				29B97325FDCFA39411CA2CEA /* Foundation.framework */,
				29B97324FDCFA39411CA2CEA /* AppKit.framework */,
			);
			name = "Other Frameworks";
			sourceTree = "<group>";
		};
		19C28FACFE9D520D11CA2CBB /* Products */ = {
			isa = PBXGroup;
			children = (
				8D1107320486CEB800E47090 /* Sorter.app */,
				FD9E363614A9D5DB006C6F89 /* Tests.octest */,
			);
			name = Products;
			sourceTree = "<group>";
		};
		29B97314FDCFA39411CA2CEA /* Sorter */ = {
			isa = PBXGroup;
			children = (
				FD9E369414A9ECBB006C6F89 /* Classes */,
				29B97315FDCFA39411CA2CEA /* Other Sources */,
				FD9E363B14A9D5DB006C6F89 /* Tests */,
				FD9E36D914A9ED03006C6F89 /* Resources */,
				29B97323FDCFA39411CA2CEA /* Frameworks */,
				19C28FACFE9D520D11CA2CBB /* Products */,
			);
			name = Sorter;
			sourceTree = "<group>";
		};
		29B97315FDCFA39411CA2CEA /* Other Sources */ = {
			isa = PBXGroup;
			children = (
				32CA4F630368D1EE00C91783 /* Sorter_Prefix.pch */,
				29B97316FDCFA39411CA2CEA /* main.m */,
			);
			name = "Other Sources";
			sourceTree = "<group>";
		};
		29B97323FDCFA39411CA2CEA /* Frameworks */ = {
			isa = PBXGroup;
			children = (
				1058C7A1FEA54F0111CA2CBB /* Cocoa.framework */,
				FD9E368F14A9E52F006C6F89 /* SenTestingKit.framework */,
				1058C7A2FEA54F0111CA2CBB /* Other Frameworks */,
			);
			name = Frameworks;
			sourceTree = "<group>";
		};
		FD9E363B14A9D5DB006C6F89 /* Tests */ = {
			isa = PBXGroup;
			children = (
				FD9E363C14A9D5DB006C6F89 /* Supporting Files */,
				FD9E36F514A9F064006C6F89 /* TestSpotlightPredicates.h */,
				FD9E36F614A9F064006C6F89 /* TestSpotlightPredicates.m */,
				FD9E370214AA2A66006C6F89 /* TestPBMetaDataComparisonPredicate.h */,
				FD9E370314AA2A66006C6F89 /* TestPBMetaDataComparisonPredicate.m */,
			);
			path = Tests;
			sourceTree = "<group>";
		};
		FD9E363C14A9D5DB006C6F89 /* Supporting Files */ = {
			isa = PBXGroup;
			children = (
				FD9E363D14A9D5DB006C6F89 /* Tests-Info.plist */,
				FD9E363E14A9D5DB006C6F89 /* InfoPlist.strings */,
				FD9E364414A9D5DB006C6F89 /* Tests-Prefix.pch */,
			);
			name = "Supporting Files";
			sourceTree = "<group>";
		};
		FD9E369414A9ECBB006C6F89 /* Classes */ = {
			isa = PBXGroup;
			children = (
				FD9E369514A9ECBB006C6F89 /* Action Support */,
				FD9E369914A9ECBB006C6F89 /* AppDelegate */,
				FD9E369C14A9ECBB006C6F89 /* Cell Support */,
				FD9E369F14A9ECBB006C6F89 /* Controllers */,
				FD9E36AA14A9ECBB006C6F89 /* FSEvents */,
				FD9E36B214A9ECBB006C6F89 /* Models */,
				FD9E36B914A9ECBB006C6F89 /* Tree Support */,
				FD9E36BF14A9ECBB006C6F89 /* Utils */,
			);
			path = Classes;
			sourceTree = "<group>";
		};
		FD9E369514A9ECBB006C6F89 /* Action Support */ = {
			isa = PBXGroup;
			children = (
				FD9E369614A9ECBB006C6F89 /* ActionStrategy.h */,
				FD9E369714A9ECBB006C6F89 /* MoveAction.h */,
				FD9E369814A9ECBB006C6F89 /* MoveAction.m */,
			);
			path = "Action Support";
			sourceTree = "<group>";
		};
		FD9E369914A9ECBB006C6F89 /* AppDelegate */ = {
			isa = PBXGroup;
			children = (
				FD9E369A14A9ECBB006C6F89 /* Sorter_AppDelegate.h */,
				FD9E369B14A9ECBB006C6F89 /* Sorter_AppDelegate.m */,
			);
			path = AppDelegate;
			sourceTree = "<group>";
		};
		FD9E369C14A9ECBB006C6F89 /* Cell Support */ = {
			isa = PBXGroup;
			children = (
				FD9E369D14A9ECBB006C6F89 /* ImageAndTextCell.h */,
				FD9E369E14A9ECBB006C6F89 /* ImageAndTextCell.m */,
			);
			path = "Cell Support";
			sourceTree = "<group>";
		};
		FD9E369F14A9ECBB006C6F89 /* Controllers */ = {
			isa = PBXGroup;
			children = (
				FD9E36A014A9ECBB006C6F89 /* ActionSheetController.h */,
				FD9E36A114A9ECBB006C6F89 /* ActionSheetController.m */,
				FD9E36A214A9ECBB006C6F89 /* MainWindowController.h */,
				FD9E36A314A9ECBB006C6F89 /* MainWindowController.m */,
				FD9E36A414A9ECBB006C6F89 /* MoveActionController.h */,
				FD9E36A514A9ECBB006C6F89 /* MoveActionController.m */,
				FD9E36A614A9ECBB006C6F89 /* RuleHandler.h */,
				FD9E36A714A9ECBB006C6F89 /* RuleHandler.m */,
				FD9E36A814A9ECBB006C6F89 /* RulesController.h */,
				FD9E36A914A9ECBB006C6F89 /* RulesController.m */,
			);
			path = Controllers;
			sourceTree = "<group>";
		};
		FD9E36AA14A9ECBB006C6F89 /* FSEvents */ = {
			isa = PBXGroup;
			children = (
				FD9E36AB14A9ECBB006C6F89 /* PBEvent.h */,
				FD9E36AC14A9ECBB006C6F89 /* PBEvent.m */,
				FD9E36AD14A9ECBB006C6F89 /* PBEventListener.h */,
				FD9E36AE14A9ECBB006C6F89 /* PBWatcher.h */,
				FD9E36AF14A9ECBB006C6F89 /* PBWatcher.m */,
				FD9E36B014A9ECBB006C6F89 /* PBWatcherRegistry.h */,
				FD9E36B114A9ECBB006C6F89 /* PBWatcherRegistry.m */,
				FD0DB57114AB4A7200768447 /* PBSourceObserver.h */,
				FD0DB57214AB4A7200768447 /* PBSourceObserver.m */,
			);
			path = FSEvents;
			sourceTree = "<group>";
		};
		FD9E36B214A9ECBB006C6F89 /* Models */ = {
			isa = PBXGroup;
			children = (
				FD9E36B314A9ECBB006C6F89 /* Action.h */,
				FD9E36B414A9ECBB006C6F89 /* Action.m */,
				FD9E36B514A9ECBB006C6F89 /* Rule.h */,
				FD9E36B614A9ECBB006C6F89 /* Rule.m */,
				FD9E36B714A9ECBB006C6F89 /* Source.h */,
				FD9E36B814A9ECBB006C6F89 /* Source.m */,
			);
			path = Models;
			sourceTree = "<group>";
		};
		FD9E36B914A9ECBB006C6F89 /* Tree Support */ = {
			isa = PBXGroup;
			children = (
				FD9E36BA14A9ECBB006C6F89 /* LeafNode.h */,
				FD9E36BB14A9ECBB006C6F89 /* LeafNode.m */,
				FD9E36BC14A9ECBB006C6F89 /* TreeNode.h */,
				FD9E36BD14A9ECBB006C6F89 /* TreeNode.m */,
				FD9E36BE14A9ECBB006C6F89 /* TreeSupport.h */,
			);
			path = "Tree Support";
			sourceTree = "<group>";
		};
		FD9E36BF14A9ECBB006C6F89 /* Utils */ = {
			isa = PBXGroup;
			children = (
				FD9E36C014A9ECBB006C6F89 /* PBMetaDataResolver.h */,
				FD9E36C114A9ECBB006C6F89 /* PBMetaDataResolver.m */,
				FD9E36C214A9ECBB006C6F89 /* ThreadSafeMutableDictionary.h */,
				FD9E36C314A9ECBB006C6F89 /* ThreadSafeMutableDictionary.m */,
				FD9E36C414A9ECBB006C6F89 /* Transformers.h */,
				FD9E36C514A9ECBB006C6F89 /* Transformers.m */,
				FD9E36F814A9F80D006C6F89 /* PBMetaDataPredicate.h */,
				FD9E36F914A9F80D006C6F89 /* PBMetaDataPredicate.m */,
				FD9E36FF14AA2394006C6F89 /* PBMetaDataComparisonPredicate.h */,
				FD9E370014AA2394006C6F89 /* PBMetaDataComparisonPredicate.m */,
				FDBB239414AB990E00FA730C /* NSManagedObjectContext+PBCoreDataSugar.h */,
				FDBB239514AB990E00FA730C /* NSManagedObjectContext+PBCoreDataSugar.m */,
			);
			path = Utils;
			sourceTree = "<group>";
		};
		FD9E36D914A9ED03006C6F89 /* Resources */ = {
			isa = PBXGroup;
			children = (
				FD9E36F314A9ED71006C6F89 /* Sorter-Info.plist */,
				FD9E36F114A9ED5A006C6F89 /* Sorter_DataModel.xcdatamodel */,
				FD9E36DA14A9ED03006C6F89 /* ActionSheet.xib */,
				FD9E36DB14A9ED03006C6F89 /* DetailView.xib */,
				FD9E36DC14A9ED03006C6F89 /* InfoPlist.strings */,
				FD9E36DE14A9ED03006C6F89 /* MainMenu.xib */,
				FD9E36E014A9ED03006C6F89 /* Generated.xib */,
				FD9E36E114A9ED03006C6F89 /* images */,
				FD9E36E514A9ED03006C6F89 /* MainWindow.xib */,
				FD9E36E614A9ED03006C6F89 /* MoveAction.xib */,
			);
			path = Resources;
			sourceTree = "<group>";
		};
		FD9E36E114A9ED03006C6F89 /* images */ = {
			isa = PBXGroup;
			children = (
				FD9E36E214A9ED03006C6F89 /* APPL.icns */,
				FD9E36E314A9ED03006C6F89 /* ToolbarMinus.png */,
				FD9E36E414A9ED03006C6F89 /* ToolbarPlus.png */,
			);
			path = images;
			sourceTree = "<group>";
		};
/* End PBXGroup section */

/* Begin PBXNativeTarget section */
		8D1107260486CEB800E47090 /* Sorter */ = {
			isa = PBXNativeTarget;
			buildConfigurationList = 26FC0A840875C7B200E6366F /* Build configuration list for PBXNativeTarget "Sorter" */;
			buildPhases = (
				8D1107290486CEB800E47090 /* Resources */,
				8D11072C0486CEB800E47090 /* Sources */,
				8D11072E0486CEB800E47090 /* Frameworks */,
			);
			buildRules = (
			);
			dependencies = (
			);
			name = Sorter;
			productInstallPath = "$(HOME)/Applications";
			productName = Sorter;
			productReference = 8D1107320486CEB800E47090 /* Sorter.app */;
			productType = "com.apple.product-type.application";
		};
		FD9E363514A9D5DB006C6F89 /* Tests */ = {
			isa = PBXNativeTarget;
			buildConfigurationList = FD9E364514A9D5DB006C6F89 /* Build configuration list for PBXNativeTarget "Tests" */;
			buildPhases = (
				FD9E363114A9D5DB006C6F89 /* Sources */,
				FD9E363214A9D5DB006C6F89 /* Frameworks */,
				FD9E363314A9D5DB006C6F89 /* Resources */,
				FD9E363414A9D5DB006C6F89 /* ShellScript */,
			);
			buildRules = (
			);
			dependencies = (
				FD9E364914A9D5F5006C6F89 /* PBXTargetDependency */,
			);
			name = Tests;
			productName = Tests;
			productReference = FD9E363614A9D5DB006C6F89 /* Tests.octest */;
			productType = "com.apple.product-type.bundle";
		};
/* End PBXNativeTarget section */

/* Begin PBXProject section */
		29B97313FDCFA39411CA2CEA /* Project object */ = {
			isa = PBXProject;
			attributes = {
				LastUpgradeCheck = 0420;
			};
			buildConfigurationList = 26FC0A880875C7B200E6366F /* Build configuration list for PBXProject "Sorter" */;
			compatibilityVersion = "Xcode 3.2";
			developmentRegion = English;
			hasScannedForEncodings = 1;
			knownRegions = (
				English,
				Japanese,
				French,
				German,
				en,
			);
			mainGroup = 29B97314FDCFA39411CA2CEA /* Sorter */;
			projectDirPath = "";
			projectRoot = "";
			targets = (
				8D1107260486CEB800E47090 /* Sorter */,
				FD9E363514A9D5DB006C6F89 /* Tests */,
			);
		};
/* End PBXProject section */

/* Begin PBXResourcesBuildPhase section */
		8D1107290486CEB800E47090 /* Resources */ = {
			isa = PBXResourcesBuildPhase;
			buildActionMask = 2147483647;
			files = (
				FD9E36E714A9ED03006C6F89 /* ActionSheet.xib in Resources */,
				FD9E36E814A9ED03006C6F89 /* DetailView.xib in Resources */,
				FD9E36E914A9ED03006C6F89 /* InfoPlist.strings in Resources */,
				FD9E36EA14A9ED03006C6F89 /* MainMenu.xib in Resources */,
				FD9E36EB14A9ED03006C6F89 /* Generated.xib in Resources */,
				FD9E36EC14A9ED03006C6F89 /* APPL.icns in Resources */,
				FD9E36ED14A9ED03006C6F89 /* ToolbarMinus.png in Resources */,
				FD9E36EE14A9ED03006C6F89 /* ToolbarPlus.png in Resources */,
				FD9E36EF14A9ED03006C6F89 /* MainWindow.xib in Resources */,
				FD9E36F014A9ED03006C6F89 /* MoveAction.xib in Resources */,
			);
			runOnlyForDeploymentPostprocessing = 0;
		};
		FD9E363314A9D5DB006C6F89 /* Resources */ = {
			isa = PBXResourcesBuildPhase;
			buildActionMask = 2147483647;
			files = (
				FD9E364014A9D5DB006C6F89 /* InfoPlist.strings in Resources */,
			);
			runOnlyForDeploymentPostprocessing = 0;
		};
/* End PBXResourcesBuildPhase section */

/* Begin PBXShellScriptBuildPhase section */
		FD9E363414A9D5DB006C6F89 /* ShellScript */ = {
			isa = PBXShellScriptBuildPhase;
			buildActionMask = 2147483647;
			files = (
			);
			inputPaths = (
			);
			outputPaths = (
			);
			runOnlyForDeploymentPostprocessing = 0;
			shellPath = /bin/sh;
			shellScript = "# Run the unit tests in this test bundle.\n\"${SYSTEM_DEVELOPER_DIR}/Tools/RunUnitTests\"\n";
		};
/* End PBXShellScriptBuildPhase section */

/* Begin PBXSourcesBuildPhase section */
		8D11072C0486CEB800E47090 /* Sources */ = {
			isa = PBXSourcesBuildPhase;
			buildActionMask = 2147483647;
			files = (
				8D11072D0486CEB800E47090 /* main.m in Sources */,
				FD9E36C614A9ECBB006C6F89 /* MoveAction.m in Sources */,
				FD9E36C714A9ECBB006C6F89 /* Sorter_AppDelegate.m in Sources */,
				FD9E36C814A9ECBB006C6F89 /* ImageAndTextCell.m in Sources */,
				FD9E36C914A9ECBB006C6F89 /* ActionSheetController.m in Sources */,
				FD9E36CA14A9ECBB006C6F89 /* MainWindowController.m in Sources */,
				FD9E36CB14A9ECBB006C6F89 /* MoveActionController.m in Sources */,
				FD9E36CC14A9ECBB006C6F89 /* RuleHandler.m in Sources */,
				FD9E36CD14A9ECBB006C6F89 /* RulesController.m in Sources */,
				FD9E36CE14A9ECBB006C6F89 /* PBEvent.m in Sources */,
				FD9E36CF14A9ECBB006C6F89 /* PBWatcher.m in Sources */,
				FD9E36D014A9ECBB006C6F89 /* PBWatcherRegistry.m in Sources */,
				FD9E36D114A9ECBB006C6F89 /* Action.m in Sources */,
				FD9E36D214A9ECBB006C6F89 /* Rule.m in Sources */,
				FD9E36D314A9ECBB006C6F89 /* Source.m in Sources */,
				FD9E36D414A9ECBB006C6F89 /* LeafNode.m in Sources */,
				FD9E36D514A9ECBB006C6F89 /* TreeNode.m in Sources */,
				FD9E36D614A9ECBB006C6F89 /* PBMetaDataResolver.m in Sources */,
				FD9E36D714A9ECBB006C6F89 /* ThreadSafeMutableDictionary.m in Sources */,
				FD9E36D814A9ECBB006C6F89 /* Transformers.m in Sources */,
				FD9E36F214A9ED5A006C6F89 /* Sorter_DataModel.xcdatamodel in Sources */,
				FD9E36FA14A9F80D006C6F89 /* PBMetaDataPredicate.m in Sources */,
				FD9E370114AA2395006C6F89 /* PBMetaDataComparisonPredicate.m in Sources */,
				FD0DB57314AB4A7200768447 /* PBSourceObserver.m in Sources */,
				FDBB239614AB990E00FA730C /* NSManagedObjectContext+PBCoreDataSugar.m in Sources */,
			);
			runOnlyForDeploymentPostprocessing = 0;
		};
		FD9E363114A9D5DB006C6F89 /* Sources */ = {
			isa = PBXSourcesBuildPhase;
			buildActionMask = 2147483647;
			files = (
				FD9E36F714A9F064006C6F89 /* TestSpotlightPredicates.m in Sources */,
				FD9E370414AA2A66006C6F89 /* TestPBMetaDataComparisonPredicate.m in Sources */,
			);
			runOnlyForDeploymentPostprocessing = 0;
		};
/* End PBXSourcesBuildPhase section */

/* Begin PBXTargetDependency section */
		FD9E364914A9D5F5006C6F89 /* PBXTargetDependency */ = {
			isa = PBXTargetDependency;
			target = 8D1107260486CEB800E47090 /* Sorter */;
			targetProxy = FD9E364814A9D5F5006C6F89 /* PBXContainerItemProxy */;
		};
/* End PBXTargetDependency section */

/* Begin PBXVariantGroup section */
		FD9E363E14A9D5DB006C6F89 /* InfoPlist.strings */ = {
			isa = PBXVariantGroup;
			children = (
				FD9E363F14A9D5DB006C6F89 /* en */,
			);
			name = InfoPlist.strings;
			sourceTree = "<group>";
		};
		FD9E36DC14A9ED03006C6F89 /* InfoPlist.strings */ = {
			isa = PBXVariantGroup;
			children = (
				FD9E36DD14A9ED03006C6F89 /* English */,
			);
			name = InfoPlist.strings;
			sourceTree = "<group>";
		};
		FD9E36DE14A9ED03006C6F89 /* MainMenu.xib */ = {
			isa = PBXVariantGroup;
			children = (
				FD9E36DF14A9ED03006C6F89 /* English */,
			);
			name = MainMenu.xib;
			sourceTree = "<group>";
		};
/* End PBXVariantGroup section */

/* Begin XCBuildConfiguration section */
		26FC0A850875C7B200E6366F /* Debug */ = {
			isa = XCBuildConfiguration;
			buildSettings = {
				ARCHS = "$(ARCHS_STANDARD_32_64_BIT)";
				COPY_PHASE_STRIP = NO;
				FRAMEWORK_SEARCH_PATHS = (
					"$(inherited)",
					"\"$(SRCROOT)\"",
				);
				GCC_DYNAMIC_NO_PIC = NO;
				GCC_ENABLE_OBJC_EXCEPTIONS = YES;
				GCC_MODEL_TUNING = G5;
				GCC_OPTIMIZATION_LEVEL = 0;
				GCC_PRECOMPILE_PREFIX_HEADER = YES;
				GCC_PREFIX_HEADER = Sorter_Prefix.pch;
				GCC_PREPROCESSOR_DEFINITIONS = (
					MY_DEBUG_FLAG,
					"MY_DEBUG_DIR=/Users/brachwitz/tmp",
				);
				GCC_SYMBOLS_PRIVATE_EXTERN = NO;
				INFOPLIST_FILE = "Sorter-Info.plist";
				INSTALL_PATH = "$(HOME)/Applications";
				PRODUCT_NAME = Sorter;
				WRAPPER_EXTENSION = app;
			};
			name = Debug;
		};
		26FC0A860875C7B200E6366F /* Release */ = {
			isa = XCBuildConfiguration;
			buildSettings = {
				DEBUG_INFORMATION_FORMAT = "dwarf-with-dsym";
				FRAMEWORK_SEARCH_PATHS = (
					"$(inherited)",
					"\"$(SRCROOT)\"",
				);
				GCC_ENABLE_OBJC_EXCEPTIONS = YES;
				GCC_MODEL_TUNING = G5;
				GCC_PRECOMPILE_PREFIX_HEADER = YES;
				GCC_PREFIX_HEADER = Sorter_Prefix.pch;
				GCC_SYMBOLS_PRIVATE_EXTERN = YES;
				INFOPLIST_FILE = "Sorter-Info.plist";
				INSTALL_PATH = "$(HOME)/Applications";
				PRODUCT_NAME = Sorter;
				WRAPPER_EXTENSION = app;
			};
			name = Release;
		};
		26FC0A890875C7B200E6366F /* Debug */ = {
			isa = XCBuildConfiguration;
			buildSettings = {
				ARCHS = "$(ARCHS_STANDARD_32_64_BIT)";
				GCC_C_LANGUAGE_STANDARD = gnu99;
				GCC_PREPROCESSOR_DEFINITIONS = MY_DEBUG_FLAG;
				GCC_WARN_ABOUT_RETURN_TYPE = YES;
				GCC_WARN_UNUSED_VARIABLE = YES;
				ONLY_ACTIVE_ARCH = YES;
				SDKROOT = macosx;
			};
			name = Debug;
		};
		26FC0A8A0875C7B200E6366F /* Release */ = {
			isa = XCBuildConfiguration;
			buildSettings = {
				ARCHS = "$(ARCHS_STANDARD_32_64_BIT)";
				GCC_C_LANGUAGE_STANDARD = gnu99;
				GCC_WARN_ABOUT_RETURN_TYPE = YES;
				GCC_WARN_UNUSED_VARIABLE = YES;
				ONLY_ACTIVE_ARCH = NO;
				SDKROOT = macosx;
			};
			name = Release;
		};
		FD9E364614A9D5DB006C6F89 /* Debug */ = {
			isa = XCBuildConfiguration;
			buildSettings = {
				ALWAYS_SEARCH_USER_PATHS = NO;
				ARCHS = "$(ARCHS_STANDARD_64_BIT)";
				BUNDLE_LOADER = "$(BUILT_PRODUCTS_DIR)/Sorter.app/Contents/MacOS/Sorter";
				CLANG_ENABLE_OBJC_ARC = YES;
				COPY_PHASE_STRIP = NO;
				FRAMEWORK_SEARCH_PATHS = (
					"$(DEVELOPER_LIBRARY_DIR)/Frameworks",
					"\"$(SRCROOT)\"",
				);
				GCC_DYNAMIC_NO_PIC = NO;
				GCC_ENABLE_OBJC_EXCEPTIONS = YES;
				GCC_OPTIMIZATION_LEVEL = 0;
				GCC_PRECOMPILE_PREFIX_HEADER = YES;
				GCC_PREFIX_HEADER = "Tests/Tests-Prefix.pch";
				GCC_PREPROCESSOR_DEFINITIONS = (
					"DEBUG=1",
					"$(inherited)",
				);
				GCC_SYMBOLS_PRIVATE_EXTERN = NO;
				GCC_VERSION = com.apple.compilers.llvm.clang.1_0;
				GCC_WARN_64_TO_32_BIT_CONVERSION = YES;
				GCC_WARN_ABOUT_MISSING_PROTOTYPES = YES;
				INFOPLIST_FILE = "Tests/Tests-Info.plist";
				MACOSX_DEPLOYMENT_TARGET = 10.7;
				PRODUCT_NAME = "$(TARGET_NAME)";
				TEST_HOST = "$(BUNDLE_LOADER)";
				TEST_RIG = "";
				WRAPPER_EXTENSION = octest;
			};
			name = Debug;
		};
		FD9E364714A9D5DB006C6F89 /* Release */ = {
			isa = XCBuildConfiguration;
			buildSettings = {
				ALWAYS_SEARCH_USER_PATHS = NO;
				ARCHS = "$(ARCHS_STANDARD_64_BIT)";
				BUNDLE_LOADER = "$(BUILT_PRODUCTS_DIR)/Sorter.app/Contents/MacOS/Sorter";
				CLANG_ENABLE_OBJC_ARC = YES;
				COPY_PHASE_STRIP = YES;
				DEBUG_INFORMATION_FORMAT = "dwarf-with-dsym";
				FRAMEWORK_SEARCH_PATHS = (
					"$(DEVELOPER_LIBRARY_DIR)/Frameworks",
					"\"$(SRCROOT)\"",
				);
				GCC_ENABLE_OBJC_EXCEPTIONS = YES;
				GCC_PRECOMPILE_PREFIX_HEADER = YES;
				GCC_PREFIX_HEADER = "Tests/Tests-Prefix.pch";
				GCC_VERSION = com.apple.compilers.llvm.clang.1_0;
				GCC_WARN_64_TO_32_BIT_CONVERSION = YES;
				GCC_WARN_ABOUT_MISSING_PROTOTYPES = YES;
				INFOPLIST_FILE = "Tests/Tests-Info.plist";
				MACOSX_DEPLOYMENT_TARGET = 10.7;
				PRODUCT_NAME = "$(TARGET_NAME)";
				TEST_HOST = "$(BUNDLE_LOADER)";
				TEST_RIG = "";
				WRAPPER_EXTENSION = octest;
			};
			name = Release;
		};
/* End XCBuildConfiguration section */

/* Begin XCConfigurationList section */
		26FC0A840875C7B200E6366F /* Build configuration list for PBXNativeTarget "Sorter" */ = {
			isa = XCConfigurationList;
			buildConfigurations = (
				26FC0A850875C7B200E6366F /* Debug */,
				26FC0A860875C7B200E6366F /* Release */,
			);
			defaultConfigurationIsVisible = 0;
			defaultConfigurationName = Release;
		};
		26FC0A880875C7B200E6366F /* Build configuration list for PBXProject "Sorter" */ = {
			isa = XCConfigurationList;
			buildConfigurations = (
				26FC0A890875C7B200E6366F /* Debug */,
				26FC0A8A0875C7B200E6366F /* Release */,
			);
			defaultConfigurationIsVisible = 0;
			defaultConfigurationName = Release;
		};
		FD9E364514A9D5DB006C6F89 /* Build configuration list for PBXNativeTarget "Tests" */ = {
			isa = XCConfigurationList;
			buildConfigurations = (
				FD9E364614A9D5DB006C6F89 /* Debug */,
				FD9E364714A9D5DB006C6F89 /* Release */,
			);
			defaultConfigurationIsVisible = 0;
			defaultConfigurationName = Release;
		};
/* End XCConfigurationList section */
	};
	rootObject = 29B97313FDCFA39411CA2CEA /* Project object */;
}
